PODS:
  - Alamofire (4.7.3)
  - DMSwipeCards (1.0.3)

DEPENDENCIES:
  - Alamofire
  - DMSwipeCards

SPEC REPOS:
  https://github.com/cocoapods/specs.git:
    - Alamofire
    - DMSwipeCards

SPEC CHECKSUMS:
  Alamofire: c7287b6e5d7da964a70935e5db17046b7fde6568
  DMSwipeCards: 0f2488120c13eb73366f01e87d1423495cde8ed4

PODFILE CHECKSUM: ca7555072cb2e32a488049532b24d2225805c796

COCOAPODS: 1.5.3
