PODS:
  - Alamofire (5.10.2)
  - DMSwipeCards (1.0.3)

DEPENDENCIES:
  - Alamofire
  - DMSwipeCards

SPEC REPOS:
  trunk:
    - Alamofire
    - DMSwipeCards

SPEC CHECKSUMS:
  Alamofire: 7193b3b92c74a07f85569e1a6c4f4237291e7496
  DMSwipeCards: 0f2488120c13eb73366f01e87d1423495cde8ed4

PODFILE CHECKSUM: dcc9a898a8540c19e5104e0c12515f8fdc5ef5e3

COCOAPODS: 1.16.2
