// !$*UTF8*$!
{
	archiveVersion = 1;
	classes = {
	};
	objectVersion = 48;
	objects = {

/* Begin PBXBuildFile section */
		600A6EB8205EB2B500F96F7A /* Notify.swift in Sources */ = {isa = PBXBuildFile; fileRef = 600A6EB7205EB2B500F96F7A /* Notify.swift */; };
		600A6EBE205EBEC500F96F7A /* AudioMatcher.swift in Sources */ = {isa = PBXBuildFile; fileRef = 600A6EBD205EBEC500F96F7A /* AudioMatcher.swift */; };
		601E0C1420FF81A200AD535E /* BoolExtension.swift in Sources */ = {isa = PBXBuildFile; fileRef = 601E0C1320FF81A200AD535E /* BoolExtension.swift */; };
		6024B74120606C8D0005A984 /* SampleData.swift in Sources */ = {isa = PBXBuildFile; fileRef = 6024B74020606C8D0005A984 /* SampleData.swift */; };
		6052363E201FE51900B65A72 /* AppDelegate.swift in Sources */ = {isa = PBXBuildFile; fileRef = 6052363D201FE51900B65A72 /* AppDelegate.swift */; };
		60523645201FE51900B65A72 /* Main.storyboard in Resources */ = {isa = PBXBuildFile; fileRef = 60523643201FE51900B65A72 /* Main.storyboard */; };
		60523647201FE51900B65A72 /* Assets.xcassets in Resources */ = {isa = PBXBuildFile; fileRef = 60523646201FE51900B65A72 /* Assets.xcassets */; };
		6052364A201FE51900B65A72 /* LaunchScreen.storyboard in Resources */ = {isa = PBXBuildFile; fileRef = 60523648201FE51900B65A72 /* LaunchScreen.storyboard */; };
		60523655201FE51900B65A72 /* TuneURLTests.swift in Sources */ = {isa = PBXBuildFile; fileRef = 60523654201FE51900B65A72 /* TuneURLTests.swift */; };
		6097122820F65883006E68DF /* HomeViewController.swift in Sources */ = {isa = PBXBuildFile; fileRef = 6097122720F65883006E68DF /* HomeViewController.swift */; };
		60D361E120CB31470079C14C /* PollData.swift in Sources */ = {isa = PBXBuildFile; fileRef = 60D361E020CB31470079C14C /* PollData.swift */; };
		60D361E320CB40380079C14C /* EncodableExtension.swift in Sources */ = {isa = PBXBuildFile; fileRef = 60D361E220CB40380079C14C /* EncodableExtension.swift */; };
		60D361E720CDC17C0079C14C /* PollManager.swift in Sources */ = {isa = PBXBuildFile; fileRef = 60D361E620CDC17C0079C14C /* PollManager.swift */; };
		60D361E920D164540079C14C /* SwipeCardActionViewController.swift in Sources */ = {isa = PBXBuildFile; fileRef = 60D361E820D164540079C14C /* SwipeCardActionViewController.swift */; };
		DCC3A21648720C0E8D25B72B /* Pods_TuneURL.framework in Frameworks */ = {isa = PBXBuildFile; fileRef = D2B422BDFF2F9DB84C9FB29E /* Pods_TuneURL.framework */; };
		EC2FDA6E2339BABF0011DE7A /* MatchServer.swift in Sources */ = {isa = PBXBuildFile; fileRef = EC2FDA6D2339BABF0011DE7A /* MatchServer.swift */; };
		EC30068923317E6D0013B8F8 /* MapRankInteger.swift in Sources */ = {isa = PBXBuildFile; fileRef = EC30067C23317E6D0013B8F8 /* MapRankInteger.swift */; };
		EC30068A23317E6D0013B8F8 /* ArrayRankFloat.swift in Sources */ = {isa = PBXBuildFile; fileRef = EC30067D23317E6D0013B8F8 /* ArrayRankFloat.swift */; };
		EC30068B23317E6D0013B8F8 /* WindowFunction.swift in Sources */ = {isa = PBXBuildFile; fileRef = EC30067E23317E6D0013B8F8 /* WindowFunction.swift */; };
		EC30068C23317E6D0013B8F8 /* AudioUtility.swift in Sources */ = {isa = PBXBuildFile; fileRef = EC30067F23317E6D0013B8F8 /* AudioUtility.swift */; };
		EC30068D23317E6D0013B8F8 /* QuickSortInteger.swift in Sources */ = {isa = PBXBuildFile; fileRef = EC30068023317E6D0013B8F8 /* QuickSortInteger.swift */; };
		EC30068E23317E6D0013B8F8 /* ArrayCoord.swift in Sources */ = {isa = PBXBuildFile; fileRef = EC30068123317E6D0013B8F8 /* ArrayCoord.swift */; };
		EC30068F23317E6D0013B8F8 /* Spectrogram.swift in Sources */ = {isa = PBXBuildFile; fileRef = EC30068223317E6D0013B8F8 /* Spectrogram.swift */; };
		EC30069023317E6D0013B8F8 /* PairManager.swift in Sources */ = {isa = PBXBuildFile; fileRef = EC30068323317E6D0013B8F8 /* PairManager.swift */; };
		EC30069123317E6D0013B8F8 /* RobustIntensityProcessor.swift in Sources */ = {isa = PBXBuildFile; fileRef = EC30068423317E6D0013B8F8 /* RobustIntensityProcessor.swift */; };
		EC30069223317E6D0013B8F8 /* FingerprintManager.swift in Sources */ = {isa = PBXBuildFile; fileRef = EC30068523317E6D0013B8F8 /* FingerprintManager.swift */; };
		EC30069323317E6D0013B8F8 /* FingerprintSimilarity.swift in Sources */ = {isa = PBXBuildFile; fileRef = EC30068623317E6D0013B8F8 /* FingerprintSimilarity.swift */; };
		EC30069423317E6D0013B8F8 /* FingerprintSimilarityComputer.swift in Sources */ = {isa = PBXBuildFile; fileRef = EC30068723317E6D0013B8F8 /* FingerprintSimilarityComputer.swift */; };
		EC30069523317E6D0013B8F8 /* FastFourierTransform.swift in Sources */ = {isa = PBXBuildFile; fileRef = EC30068823317E6D0013B8F8 /* FastFourierTransform.swift */; };
		EC30069723317E8E0013B8F8 /* Trigger-Audio.wav in Resources */ = {isa = PBXBuildFile; fileRef = EC30069623317E8E0013B8F8 /* Trigger-Audio.wav */; };
		EC31C3BE2333A43500D8E57C /* FingerprintProperties.swift in Sources */ = {isa = PBXBuildFile; fileRef = EC31C3BD2333A43500D8E57C /* FingerprintProperties.swift */; };
		EC4E097F231EDF8300445E52 /* AudioBuffer.swift in Sources */ = {isa = PBXBuildFile; fileRef = EC4E097E231EDF8300445E52 /* AudioBuffer.swift */; };
		EC4E0980231EE76600445E52 /* AudioCapture.swift in Sources */ = {isa = PBXBuildFile; fileRef = EC4E097C231EDC6500445E52 /* AudioCapture.swift */; };
		EC4F01322337CE4700E6FB77 /* MatchedItemCollection.swift in Sources */ = {isa = PBXBuildFile; fileRef = EC4F01312337CE4700E6FB77 /* MatchedItemCollection.swift */; };
		EC4F01342337CF0600E6FB77 /* MatchedItem.swift in Sources */ = {isa = PBXBuildFile; fileRef = EC4F01332337CF0600E6FB77 /* MatchedItem.swift */; };
		EC4F01362337D03000E6FB77 /* MatchedItemCell.swift in Sources */ = {isa = PBXBuildFile; fileRef = EC4F01352337D03000E6FB77 /* MatchedItemCell.swift */; };
/* End PBXBuildFile section */

/* Begin PBXContainerItemProxy section */
		60523651201FE51900B65A72 /* PBXContainerItemProxy */ = {
			isa = PBXContainerItemProxy;
			containerPortal = 60523632201FE51800B65A72 /* Project object */;
			proxyType = 1;
			remoteGlobalIDString = 60523639201FE51900B65A72;
			remoteInfo = AudioTriggerPOC;
		};
/* End PBXContainerItemProxy section */

/* Begin PBXFileReference section */
		600A6EB7205EB2B500F96F7A /* Notify.swift */ = {isa = PBXFileReference; fileEncoding = 4; lastKnownFileType = sourcecode.swift; path = Notify.swift; sourceTree = "<group>"; };
		600A6EBD205EBEC500F96F7A /* AudioMatcher.swift */ = {isa = PBXFileReference; fileEncoding = 4; lastKnownFileType = sourcecode.swift; path = AudioMatcher.swift; sourceTree = "<group>"; };
		601E0C1320FF81A200AD535E /* BoolExtension.swift */ = {isa = PBXFileReference; fileEncoding = 4; lastKnownFileType = sourcecode.swift; path = BoolExtension.swift; sourceTree = "<group>"; };
		6024B74020606C8D0005A984 /* SampleData.swift */ = {isa = PBXFileReference; fileEncoding = 4; lastKnownFileType = sourcecode.swift; path = SampleData.swift; sourceTree = "<group>"; };
		6052363A201FE51900B65A72 /* TuneURL.app */ = {isa = PBXFileReference; explicitFileType = wrapper.application; includeInIndex = 0; path = TuneURL.app; sourceTree = BUILT_PRODUCTS_DIR; };
		6052363D201FE51900B65A72 /* AppDelegate.swift */ = {isa = PBXFileReference; fileEncoding = 4; lastKnownFileType = sourcecode.swift; path = AppDelegate.swift; sourceTree = "<group>"; };
		60523644201FE51900B65A72 /* Base */ = {isa = PBXFileReference; lastKnownFileType = file.storyboard; name = Base; path = Base.lproj/Main.storyboard; sourceTree = "<group>"; };
		60523646201FE51900B65A72 /* Assets.xcassets */ = {isa = PBXFileReference; lastKnownFileType = folder.assetcatalog; path = Assets.xcassets; sourceTree = "<group>"; };
		60523649201FE51900B65A72 /* Base */ = {isa = PBXFileReference; lastKnownFileType = file.storyboard; name = Base; path = Base.lproj/LaunchScreen.storyboard; sourceTree = "<group>"; };
		6052364B201FE51900B65A72 /* Info.plist */ = {isa = PBXFileReference; lastKnownFileType = text.plist.xml; path = Info.plist; sourceTree = "<group>"; };
		60523650201FE51900B65A72 /* TuneURLTests.xctest */ = {isa = PBXFileReference; explicitFileType = wrapper.cfbundle; includeInIndex = 0; path = TuneURLTests.xctest; sourceTree = BUILT_PRODUCTS_DIR; };
		60523654201FE51900B65A72 /* TuneURLTests.swift */ = {isa = PBXFileReference; fileEncoding = 4; lastKnownFileType = sourcecode.swift; path = TuneURLTests.swift; sourceTree = "<group>"; };
		60523656201FE51900B65A72 /* Info.plist */ = {isa = PBXFileReference; lastKnownFileType = text.plist.xml; path = Info.plist; sourceTree = "<group>"; };
		6097122720F65883006E68DF /* HomeViewController.swift */ = {isa = PBXFileReference; fileEncoding = 4; lastKnownFileType = sourcecode.swift; path = HomeViewController.swift; sourceTree = "<group>"; };
		60D361E020CB31470079C14C /* PollData.swift */ = {isa = PBXFileReference; fileEncoding = 4; lastKnownFileType = sourcecode.swift; path = PollData.swift; sourceTree = "<group>"; };
		60D361E220CB40380079C14C /* EncodableExtension.swift */ = {isa = PBXFileReference; fileEncoding = 4; lastKnownFileType = sourcecode.swift; path = EncodableExtension.swift; sourceTree = "<group>"; };
		60D361E620CDC17C0079C14C /* PollManager.swift */ = {isa = PBXFileReference; fileEncoding = 4; lastKnownFileType = sourcecode.swift; path = PollManager.swift; sourceTree = "<group>"; };
		60D361E820D164540079C14C /* SwipeCardActionViewController.swift */ = {isa = PBXFileReference; fileEncoding = 4; lastKnownFileType = sourcecode.swift; path = SwipeCardActionViewController.swift; sourceTree = "<group>"; };
		BBCE85622A4AC53FBFA986B1 /* Pods-TuneURL.debug.xcconfig */ = {isa = PBXFileReference; includeInIndex = 1; lastKnownFileType = text.xcconfig; name = "Pods-TuneURL.debug.xcconfig"; path = "Pods/Target Support Files/Pods-TuneURL/Pods-TuneURL.debug.xcconfig"; sourceTree = "<group>"; };
		BDE2CA3B2B257A37E40EE614 /* Pods-TuneURL.release.xcconfig */ = {isa = PBXFileReference; includeInIndex = 1; lastKnownFileType = text.xcconfig; name = "Pods-TuneURL.release.xcconfig"; path = "Pods/Target Support Files/Pods-TuneURL/Pods-TuneURL.release.xcconfig"; sourceTree = "<group>"; };
		D2B422BDFF2F9DB84C9FB29E /* Pods_TuneURL.framework */ = {isa = PBXFileReference; explicitFileType = wrapper.framework; includeInIndex = 0; path = Pods_TuneURL.framework; sourceTree = BUILT_PRODUCTS_DIR; };
		EC2FDA6D2339BABF0011DE7A /* MatchServer.swift */ = {isa = PBXFileReference; lastKnownFileType = sourcecode.swift; path = MatchServer.swift; sourceTree = "<group>"; };
		EC30067C23317E6D0013B8F8 /* MapRankInteger.swift */ = {isa = PBXFileReference; fileEncoding = 4; lastKnownFileType = sourcecode.swift; path = MapRankInteger.swift; sourceTree = "<group>"; };
		EC30067D23317E6D0013B8F8 /* ArrayRankFloat.swift */ = {isa = PBXFileReference; fileEncoding = 4; lastKnownFileType = sourcecode.swift; path = ArrayRankFloat.swift; sourceTree = "<group>"; };
		EC30067E23317E6D0013B8F8 /* WindowFunction.swift */ = {isa = PBXFileReference; fileEncoding = 4; lastKnownFileType = sourcecode.swift; path = WindowFunction.swift; sourceTree = "<group>"; };
		EC30067F23317E6D0013B8F8 /* AudioUtility.swift */ = {isa = PBXFileReference; fileEncoding = 4; lastKnownFileType = sourcecode.swift; path = AudioUtility.swift; sourceTree = "<group>"; };
		EC30068023317E6D0013B8F8 /* QuickSortInteger.swift */ = {isa = PBXFileReference; fileEncoding = 4; lastKnownFileType = sourcecode.swift; path = QuickSortInteger.swift; sourceTree = "<group>"; };
		EC30068123317E6D0013B8F8 /* ArrayCoord.swift */ = {isa = PBXFileReference; fileEncoding = 4; lastKnownFileType = sourcecode.swift; path = ArrayCoord.swift; sourceTree = "<group>"; };
		EC30068223317E6D0013B8F8 /* Spectrogram.swift */ = {isa = PBXFileReference; fileEncoding = 4; lastKnownFileType = sourcecode.swift; path = Spectrogram.swift; sourceTree = "<group>"; };
		EC30068323317E6D0013B8F8 /* PairManager.swift */ = {isa = PBXFileReference; fileEncoding = 4; lastKnownFileType = sourcecode.swift; path = PairManager.swift; sourceTree = "<group>"; };
		EC30068423317E6D0013B8F8 /* RobustIntensityProcessor.swift */ = {isa = PBXFileReference; fileEncoding = 4; lastKnownFileType = sourcecode.swift; path = RobustIntensityProcessor.swift; sourceTree = "<group>"; };
		EC30068523317E6D0013B8F8 /* FingerprintManager.swift */ = {isa = PBXFileReference; fileEncoding = 4; lastKnownFileType = sourcecode.swift; path = FingerprintManager.swift; sourceTree = "<group>"; };
		EC30068623317E6D0013B8F8 /* FingerprintSimilarity.swift */ = {isa = PBXFileReference; fileEncoding = 4; lastKnownFileType = sourcecode.swift; path = FingerprintSimilarity.swift; sourceTree = "<group>"; };
		EC30068723317E6D0013B8F8 /* FingerprintSimilarityComputer.swift */ = {isa = PBXFileReference; fileEncoding = 4; lastKnownFileType = sourcecode.swift; path = FingerprintSimilarityComputer.swift; sourceTree = "<group>"; };
		EC30068823317E6D0013B8F8 /* FastFourierTransform.swift */ = {isa = PBXFileReference; fileEncoding = 4; lastKnownFileType = sourcecode.swift; path = FastFourierTransform.swift; sourceTree = "<group>"; };
		EC30069623317E8E0013B8F8 /* Trigger-Audio.wav */ = {isa = PBXFileReference; lastKnownFileType = audio.wav; path = "Trigger-Audio.wav"; sourceTree = "<group>"; };
		EC31C3BD2333A43500D8E57C /* FingerprintProperties.swift */ = {isa = PBXFileReference; fileEncoding = 4; lastKnownFileType = sourcecode.swift; path = FingerprintProperties.swift; sourceTree = "<group>"; };
		EC4E097C231EDC6500445E52 /* AudioCapture.swift */ = {isa = PBXFileReference; fileEncoding = 4; lastKnownFileType = sourcecode.swift; path = AudioCapture.swift; sourceTree = "<group>"; };
		EC4E097E231EDF8300445E52 /* AudioBuffer.swift */ = {isa = PBXFileReference; fileEncoding = 4; lastKnownFileType = sourcecode.swift; path = AudioBuffer.swift; sourceTree = "<group>"; };
		EC4F01312337CE4700E6FB77 /* MatchedItemCollection.swift */ = {isa = PBXFileReference; fileEncoding = 4; lastKnownFileType = sourcecode.swift; path = MatchedItemCollection.swift; sourceTree = "<group>"; };
		EC4F01332337CF0600E6FB77 /* MatchedItem.swift */ = {isa = PBXFileReference; lastKnownFileType = sourcecode.swift; path = MatchedItem.swift; sourceTree = "<group>"; };
		EC4F01352337D03000E6FB77 /* MatchedItemCell.swift */ = {isa = PBXFileReference; lastKnownFileType = sourcecode.swift; path = MatchedItemCell.swift; sourceTree = "<group>"; };
		ECBD100E2322EFDC005415EF /* UpdateBuildNumber.sh */ = {isa = PBXFileReference; lastKnownFileType = text.script.sh; path = UpdateBuildNumber.sh; sourceTree = "<group>"; };
/* End PBXFileReference section */

/* Begin PBXFrameworksBuildPhase section */
		60523637201FE51900B65A72 /* Frameworks */ = {
			isa = PBXFrameworksBuildPhase;
			buildActionMask = 2147483647;
			files = (
				DCC3A21648720C0E8D25B72B /* Pods_TuneURL.framework in Frameworks */,
			);
			runOnlyForDeploymentPostprocessing = 0;
		};
		6052364D201FE51900B65A72 /* Frameworks */ = {
			isa = PBXFrameworksBuildPhase;
			buildActionMask = 2147483647;
			files = (
			);
			runOnlyForDeploymentPostprocessing = 0;
		};
/* End PBXFrameworksBuildPhase section */

/* Begin PBXGroup section */
		60523631201FE51800B65A72 = {
			isa = PBXGroup;
			children = (
				ECBD100E2322EFDC005415EF /* UpdateBuildNumber.sh */,
				6052363C201FE51900B65A72 /* TuneURL */,
				60523653201FE51900B65A72 /* TuneURLTests */,
				6052363B201FE51900B65A72 /* Products */,
				DB97329E3D2244005E84C3E0 /* Pods */,
				706DE416CDBE83EE3CBC91AD /* Frameworks */,
			);
			sourceTree = "<group>";
		};
		6052363B201FE51900B65A72 /* Products */ = {
			isa = PBXGroup;
			children = (
				6052363A201FE51900B65A72 /* TuneURL.app */,
				60523650201FE51900B65A72 /* TuneURLTests.xctest */,
			);
			name = Products;
			sourceTree = "<group>";
		};
		6052363C201FE51900B65A72 /* TuneURL */ = {
			isa = PBXGroup;
			children = (
				60523646201FE51900B65A72 /* Assets.xcassets */,
				6052364B201FE51900B65A72 /* Info.plist */,
				60523648201FE51900B65A72 /* LaunchScreen.storyboard */,
				60523643201FE51900B65A72 /* Main.storyboard */,
				EC30069623317E8E0013B8F8 /* Trigger-Audio.wav */,
				EC30067B23317E5A0013B8F8 /* musicg */,
				6052363D201FE51900B65A72 /* AppDelegate.swift */,
				EC4E097E231EDF8300445E52 /* AudioBuffer.swift */,
				EC4E097C231EDC6500445E52 /* AudioCapture.swift */,
				600A6EBD205EBEC500F96F7A /* AudioMatcher.swift */,
				EC30067F23317E6D0013B8F8 /* AudioUtility.swift */,
				601E0C1320FF81A200AD535E /* BoolExtension.swift */,
				60D361E220CB40380079C14C /* EncodableExtension.swift */,
				6097122720F65883006E68DF /* HomeViewController.swift */,
				EC4F01332337CF0600E6FB77 /* MatchedItem.swift */,
				EC4F01352337D03000E6FB77 /* MatchedItemCell.swift */,
				EC4F01312337CE4700E6FB77 /* MatchedItemCollection.swift */,
				EC2FDA6D2339BABF0011DE7A /* MatchServer.swift */,
				600A6EB7205EB2B500F96F7A /* Notify.swift */,
				60D361E020CB31470079C14C /* PollData.swift */,
				60D361E620CDC17C0079C14C /* PollManager.swift */,
				6024B74020606C8D0005A984 /* SampleData.swift */,
				60D361E820D164540079C14C /* SwipeCardActionViewController.swift */,
			);
			path = TuneURL;
			sourceTree = "<group>";
		};
		60523653201FE51900B65A72 /* TuneURLTests */ = {
			isa = PBXGroup;
			children = (
				60523654201FE51900B65A72 /* TuneURLTests.swift */,
				60523656201FE51900B65A72 /* Info.plist */,
			);
			path = TuneURLTests;
			sourceTree = "<group>";
		};
		706DE416CDBE83EE3CBC91AD /* Frameworks */ = {
			isa = PBXGroup;
			children = (
				D2B422BDFF2F9DB84C9FB29E /* Pods_TuneURL.framework */,
			);
			name = Frameworks;
			sourceTree = "<group>";
		};
		DB97329E3D2244005E84C3E0 /* Pods */ = {
			isa = PBXGroup;
			children = (
				BBCE85622A4AC53FBFA986B1 /* Pods-TuneURL.debug.xcconfig */,
				BDE2CA3B2B257A37E40EE614 /* Pods-TuneURL.release.xcconfig */,
			);
			name = Pods;
			sourceTree = "<group>";
		};
		EC30067B23317E5A0013B8F8 /* musicg */ = {
			isa = PBXGroup;
			children = (
				EC30068123317E6D0013B8F8 /* ArrayCoord.swift */,
				EC30067D23317E6D0013B8F8 /* ArrayRankFloat.swift */,
				EC30068823317E6D0013B8F8 /* FastFourierTransform.swift */,
				EC30068523317E6D0013B8F8 /* FingerprintManager.swift */,
				EC31C3BD2333A43500D8E57C /* FingerprintProperties.swift */,
				EC30068623317E6D0013B8F8 /* FingerprintSimilarity.swift */,
				EC30068723317E6D0013B8F8 /* FingerprintSimilarityComputer.swift */,
				EC30067C23317E6D0013B8F8 /* MapRankInteger.swift */,
				EC30068323317E6D0013B8F8 /* PairManager.swift */,
				EC30068023317E6D0013B8F8 /* QuickSortInteger.swift */,
				EC30068423317E6D0013B8F8 /* RobustIntensityProcessor.swift */,
				EC30068223317E6D0013B8F8 /* Spectrogram.swift */,
				EC30067E23317E6D0013B8F8 /* WindowFunction.swift */,
			);
			path = musicg;
			sourceTree = "<group>";
		};
/* End PBXGroup section */

/* Begin PBXNativeTarget section */
		60523639201FE51900B65A72 /* TuneURL */ = {
			isa = PBXNativeTarget;
			buildConfigurationList = 60523659201FE51900B65A72 /* Build configuration list for PBXNativeTarget "TuneURL" */;
			buildPhases = (
				186E8413ADA85B0054EFCE84 /* [CP] Check Pods Manifest.lock */,
				ECBD100F2322F003005415EF /* Update Build Number */,
				60523636201FE51900B65A72 /* Sources */,
				60523637201FE51900B65A72 /* Frameworks */,
				60523638201FE51900B65A72 /* Resources */,
				15DDF9EFD846B8237765A3BC /* [CP] Embed Pods Frameworks */,
			);
			buildRules = (
			);
			dependencies = (
			);
			name = TuneURL;
			productName = TuneURL;
			productReference = 6052363A201FE51900B65A72 /* TuneURL.app */;
			productType = "com.apple.product-type.application";
		};
		6052364F201FE51900B65A72 /* TuneURLTests */ = {
			isa = PBXNativeTarget;
			buildConfigurationList = 6052365C201FE51900B65A72 /* Build configuration list for PBXNativeTarget "TuneURLTests" */;
			buildPhases = (
				6052364C201FE51900B65A72 /* Sources */,
				6052364D201FE51900B65A72 /* Frameworks */,
				6052364E201FE51900B65A72 /* Resources */,
			);
			buildRules = (
			);
			dependencies = (
				60523652201FE51900B65A72 /* PBXTargetDependency */,
			);
			name = TuneURLTests;
			productName = TuneURLTests;
			productReference = 60523650201FE51900B65A72 /* TuneURLTests.xctest */;
			productType = "com.apple.product-type.bundle.unit-test";
		};
/* End PBXNativeTarget section */

/* Begin PBXProject section */
		60523632201FE51800B65A72 /* Project object */ = {
			isa = PBXProject;
			attributes = {
				LastSwiftUpdateCheck = 0920;
				LastUpgradeCheck = 1000;
				ORGANIZATIONNAME = "TuneURL Inc.";
				TargetAttributes = {
					60523639201FE51900B65A72 = {
						CreatedOnToolsVersion = 9.2;
						LastSwiftMigration = 1020;
						ProvisioningStyle = Automatic;
						SystemCapabilities = {
							com.apple.BackgroundModes = {
								enabled = 1;
							};
						};
					};
					6052364F201FE51900B65A72 = {
						CreatedOnToolsVersion = 9.2;
						LastSwiftMigration = 1000;
						ProvisioningStyle = Automatic;
						TestTargetID = 60523639201FE51900B65A72;
					};
				};
			};
			buildConfigurationList = 60523635201FE51800B65A72 /* Build configuration list for PBXProject "TuneURL" */;
			compatibilityVersion = "Xcode 8.0";
			developmentRegion = en;
			hasScannedForEncodings = 0;
			knownRegions = (
				en,
				Base,
			);
			mainGroup = 60523631201FE51800B65A72;
			productRefGroup = 6052363B201FE51900B65A72 /* Products */;
			projectDirPath = "";
			projectRoot = "";
			targets = (
				60523639201FE51900B65A72 /* TuneURL */,
				6052364F201FE51900B65A72 /* TuneURLTests */,
			);
		};
/* End PBXProject section */

/* Begin PBXResourcesBuildPhase section */
		60523638201FE51900B65A72 /* Resources */ = {
			isa = PBXResourcesBuildPhase;
			buildActionMask = 2147483647;
			files = (
				EC30069723317E8E0013B8F8 /* Trigger-Audio.wav in Resources */,
				60523647201FE51900B65A72 /* Assets.xcassets in Resources */,
				6052364A201FE51900B65A72 /* LaunchScreen.storyboard in Resources */,
				60523645201FE51900B65A72 /* Main.storyboard in Resources */,
			);
			runOnlyForDeploymentPostprocessing = 0;
		};
		6052364E201FE51900B65A72 /* Resources */ = {
			isa = PBXResourcesBuildPhase;
			buildActionMask = 2147483647;
			files = (
			);
			runOnlyForDeploymentPostprocessing = 0;
		};
/* End PBXResourcesBuildPhase section */

/* Begin PBXShellScriptBuildPhase section */
		15DDF9EFD846B8237765A3BC /* [CP] Embed Pods Frameworks */ = {
			isa = PBXShellScriptBuildPhase;
			buildActionMask = 2147483647;
			files = (
			);
			inputPaths = (
				"${PODS_ROOT}/Target Support Files/Pods-TuneURL/Pods-TuneURL-frameworks.sh",
				"${BUILT_PRODUCTS_DIR}/Alamofire/Alamofire.framework",
				"${BUILT_PRODUCTS_DIR}/DMSwipeCards/DMSwipeCards.framework",
			);
			name = "[CP] Embed Pods Frameworks";
			outputPaths = (
				"${TARGET_BUILD_DIR}/${FRAMEWORKS_FOLDER_PATH}/Alamofire.framework",
				"${TARGET_BUILD_DIR}/${FRAMEWORKS_FOLDER_PATH}/DMSwipeCards.framework",
			);
			runOnlyForDeploymentPostprocessing = 0;
			shellPath = /bin/sh;
			shellScript = "\"${PODS_ROOT}/Target Support Files/Pods-TuneURL/Pods-TuneURL-frameworks.sh\"\n";
			showEnvVarsInLog = 0;
		};
		186E8413ADA85B0054EFCE84 /* [CP] Check Pods Manifest.lock */ = {
			isa = PBXShellScriptBuildPhase;
			buildActionMask = 2147483647;
			files = (
			);
			inputPaths = (
				"${PODS_PODFILE_DIR_PATH}/Podfile.lock",
				"${PODS_ROOT}/Manifest.lock",
			);
			name = "[CP] Check Pods Manifest.lock";
			outputPaths = (
				"$(DERIVED_FILE_DIR)/Pods-TuneURL-checkManifestLockResult.txt",
			);
			runOnlyForDeploymentPostprocessing = 0;
			shellPath = /bin/sh;
			shellScript = "diff \"${PODS_PODFILE_DIR_PATH}/Podfile.lock\" \"${PODS_ROOT}/Manifest.lock\" > /dev/null\nif [ $? != 0 ] ; then\n    # print error to STDERR\n    echo \"error: The sandbox is not in sync with the Podfile.lock. Run 'pod install' or update your CocoaPods installation.\" >&2\n    exit 1\nfi\n# This output is used by Xcode 'outputs' to avoid re-running this script phase.\necho \"SUCCESS\" > \"${SCRIPT_OUTPUT_FILE_0}\"\n";
			showEnvVarsInLog = 0;
		};
		ECBD100F2322F003005415EF /* Update Build Number */ = {
			isa = PBXShellScriptBuildPhase;
			buildActionMask = 2147483647;
			files = (
			);
			inputFileListPaths = (
			);
			inputPaths = (
			);
			name = "Update Build Number";
			outputFileListPaths = (
			);
			outputPaths = (
			);
			runOnlyForDeploymentPostprocessing = 0;
			shellPath = /bin/sh;
			shellScript = "sh \"UpdateBuildNumber.sh\"\n";
		};
/* End PBXShellScriptBuildPhase section */

/* Begin PBXSourcesBuildPhase section */
		60523636201FE51900B65A72 /* Sources */ = {
			isa = PBXSourcesBuildPhase;
			buildActionMask = 2147483647;
			files = (
				EC30068E23317E6D0013B8F8 /* ArrayCoord.swift in Sources */,
				EC30068A23317E6D0013B8F8 /* ArrayRankFloat.swift in Sources */,
				EC30068C23317E6D0013B8F8 /* AudioUtility.swift in Sources */,
				EC30069523317E6D0013B8F8 /* FastFourierTransform.swift in Sources */,
				EC30069223317E6D0013B8F8 /* FingerprintManager.swift in Sources */,
				EC31C3BE2333A43500D8E57C /* FingerprintProperties.swift in Sources */,
				EC30069323317E6D0013B8F8 /* FingerprintSimilarity.swift in Sources */,
				EC30069423317E6D0013B8F8 /* FingerprintSimilarityComputer.swift in Sources */,
				EC30068923317E6D0013B8F8 /* MapRankInteger.swift in Sources */,
				EC30069023317E6D0013B8F8 /* PairManager.swift in Sources */,
				EC30068D23317E6D0013B8F8 /* QuickSortInteger.swift in Sources */,
				EC30069123317E6D0013B8F8 /* RobustIntensityProcessor.swift in Sources */,
				EC30068F23317E6D0013B8F8 /* Spectrogram.swift in Sources */,
				EC30068B23317E6D0013B8F8 /* WindowFunction.swift in Sources */,
				6052363E201FE51900B65A72 /* AppDelegate.swift in Sources */,
				EC4E097F231EDF8300445E52 /* AudioBuffer.swift in Sources */,
				EC4E0980231EE76600445E52 /* AudioCapture.swift in Sources */,
				600A6EBE205EBEC500F96F7A /* AudioMatcher.swift in Sources */,
				601E0C1420FF81A200AD535E /* BoolExtension.swift in Sources */,
				60D361E320CB40380079C14C /* EncodableExtension.swift in Sources */,
				6097122820F65883006E68DF /* HomeViewController.swift in Sources */,
				EC4F01342337CF0600E6FB77 /* MatchedItem.swift in Sources */,
				EC4F01362337D03000E6FB77 /* MatchedItemCell.swift in Sources */,
				EC4F01322337CE4700E6FB77 /* MatchedItemCollection.swift in Sources */,
				EC2FDA6E2339BABF0011DE7A /* MatchServer.swift in Sources */,
				600A6EB8205EB2B500F96F7A /* Notify.swift in Sources */,
				60D361E120CB31470079C14C /* PollData.swift in Sources */,
				60D361E720CDC17C0079C14C /* PollManager.swift in Sources */,
				6024B74120606C8D0005A984 /* SampleData.swift in Sources */,
				60D361E920D164540079C14C /* SwipeCardActionViewController.swift in Sources */,
			);
			runOnlyForDeploymentPostprocessing = 0;
		};
		6052364C201FE51900B65A72 /* Sources */ = {
			isa = PBXSourcesBuildPhase;
			buildActionMask = 2147483647;
			files = (
				60523655201FE51900B65A72 /* TuneURLTests.swift in Sources */,
			);
			runOnlyForDeploymentPostprocessing = 0;
		};
/* End PBXSourcesBuildPhase section */

/* Begin PBXTargetDependency section */
		60523652201FE51900B65A72 /* PBXTargetDependency */ = {
			isa = PBXTargetDependency;
			target = 60523639201FE51900B65A72 /* TuneURL */;
			targetProxy = 60523651201FE51900B65A72 /* PBXContainerItemProxy */;
		};
/* End PBXTargetDependency section */

/* Begin PBXVariantGroup section */
		60523643201FE51900B65A72 /* Main.storyboard */ = {
			isa = PBXVariantGroup;
			children = (
				60523644201FE51900B65A72 /* Base */,
			);
			name = Main.storyboard;
			sourceTree = "<group>";
		};
		60523648201FE51900B65A72 /* LaunchScreen.storyboard */ = {
			isa = PBXVariantGroup;
			children = (
				60523649201FE51900B65A72 /* Base */,
			);
			name = LaunchScreen.storyboard;
			sourceTree = "<group>";
		};
/* End PBXVariantGroup section */

/* Begin XCBuildConfiguration section */
		60523657201FE51900B65A72 /* Debug */ = {
			isa = XCBuildConfiguration;
			buildSettings = {
				ALWAYS_SEARCH_USER_PATHS = NO;
				CLANG_ANALYZER_NONNULL = YES;
				CLANG_ANALYZER_NUMBER_OBJECT_CONVERSION = YES_AGGRESSIVE;
				CLANG_CXX_LANGUAGE_STANDARD = "gnu++14";
				CLANG_CXX_LIBRARY = "libc++";
				CLANG_ENABLE_MODULES = YES;
				CLANG_ENABLE_OBJC_ARC = YES;
				CLANG_WARN_BLOCK_CAPTURE_AUTORELEASING = YES;
				CLANG_WARN_BOOL_CONVERSION = YES;
				CLANG_WARN_COMMA = YES;
				CLANG_WARN_CONSTANT_CONVERSION = YES;
				CLANG_WARN_DEPRECATED_OBJC_IMPLEMENTATIONS = YES;
				CLANG_WARN_DIRECT_OBJC_ISA_USAGE = YES_ERROR;
				CLANG_WARN_DOCUMENTATION_COMMENTS = YES;
				CLANG_WARN_EMPTY_BODY = YES;
				CLANG_WARN_ENUM_CONVERSION = YES;
				CLANG_WARN_INFINITE_RECURSION = YES;
				CLANG_WARN_INT_CONVERSION = YES;
				CLANG_WARN_NON_LITERAL_NULL_CONVERSION = YES;
				CLANG_WARN_OBJC_IMPLICIT_RETAIN_SELF = YES;
				CLANG_WARN_OBJC_LITERAL_CONVERSION = YES;
				CLANG_WARN_OBJC_ROOT_CLASS = YES_ERROR;
				CLANG_WARN_RANGE_LOOP_ANALYSIS = YES;
				CLANG_WARN_STRICT_PROTOTYPES = YES;
				CLANG_WARN_SUSPICIOUS_MOVE = YES;
				CLANG_WARN_UNGUARDED_AVAILABILITY = YES_AGGRESSIVE;
				CLANG_WARN_UNREACHABLE_CODE = YES;
				CLANG_WARN__DUPLICATE_METHOD_MATCH = YES;
				CODE_SIGN_IDENTITY = "iPhone Developer";
				COPY_PHASE_STRIP = NO;
				DEBUG_INFORMATION_FORMAT = dwarf;
				ENABLE_BITCODE = NO;
				ENABLE_STRICT_OBJC_MSGSEND = YES;
				ENABLE_TESTABILITY = YES;
				GCC_C_LANGUAGE_STANDARD = gnu11;
				GCC_DYNAMIC_NO_PIC = NO;
				GCC_NO_COMMON_BLOCKS = YES;
				GCC_OPTIMIZATION_LEVEL = 0;
				GCC_PREPROCESSOR_DEFINITIONS = (
					"DEBUG=1",
					"$(inherited)",
				);
				GCC_WARN_64_TO_32_BIT_CONVERSION = YES;
				GCC_WARN_ABOUT_RETURN_TYPE = YES_ERROR;
				GCC_WARN_UNDECLARED_SELECTOR = YES;
				GCC_WARN_UNINITIALIZED_AUTOS = YES_AGGRESSIVE;
				GCC_WARN_UNUSED_FUNCTION = YES;
				GCC_WARN_UNUSED_VARIABLE = YES;
				IPHONEOS_DEPLOYMENT_TARGET = 10.0;
				MTL_ENABLE_DEBUG_INFO = YES;
				ONLY_ACTIVE_ARCH = YES;
				SDKROOT = iphoneos;
				SWIFT_ACTIVE_COMPILATION_CONDITIONS = DEBUG;
				SWIFT_OPTIMIZATION_LEVEL = "-Onone";
				SWIFT_VERSION = 5.0;
			};
			name = Debug;
		};
		60523658201FE51900B65A72 /* Release */ = {
			isa = XCBuildConfiguration;
			buildSettings = {
				ALWAYS_SEARCH_USER_PATHS = NO;
				CLANG_ANALYZER_NONNULL = YES;
				CLANG_ANALYZER_NUMBER_OBJECT_CONVERSION = YES_AGGRESSIVE;
				CLANG_CXX_LANGUAGE_STANDARD = "gnu++14";
				CLANG_CXX_LIBRARY = "libc++";
				CLANG_ENABLE_MODULES = YES;
				CLANG_ENABLE_OBJC_ARC = YES;
				CLANG_WARN_BLOCK_CAPTURE_AUTORELEASING = YES;
				CLANG_WARN_BOOL_CONVERSION = YES;
				CLANG_WARN_COMMA = YES;
				CLANG_WARN_CONSTANT_CONVERSION = YES;
				CLANG_WARN_DEPRECATED_OBJC_IMPLEMENTATIONS = YES;
				CLANG_WARN_DIRECT_OBJC_ISA_USAGE = YES_ERROR;
				CLANG_WARN_DOCUMENTATION_COMMENTS = YES;
				CLANG_WARN_EMPTY_BODY = YES;
				CLANG_WARN_ENUM_CONVERSION = YES;
				CLANG_WARN_INFINITE_RECURSION = YES;
				CLANG_WARN_INT_CONVERSION = YES;
				CLANG_WARN_NON_LITERAL_NULL_CONVERSION = YES;
				CLANG_WARN_OBJC_IMPLICIT_RETAIN_SELF = YES;
				CLANG_WARN_OBJC_LITERAL_CONVERSION = YES;
				CLANG_WARN_OBJC_ROOT_CLASS = YES_ERROR;
				CLANG_WARN_RANGE_LOOP_ANALYSIS = YES;
				CLANG_WARN_STRICT_PROTOTYPES = YES;
				CLANG_WARN_SUSPICIOUS_MOVE = YES;
				CLANG_WARN_UNGUARDED_AVAILABILITY = YES_AGGRESSIVE;
				CLANG_WARN_UNREACHABLE_CODE = YES;
				CLANG_WARN__DUPLICATE_METHOD_MATCH = YES;
				CODE_SIGN_IDENTITY = "iPhone Developer";
				COPY_PHASE_STRIP = NO;
				DEBUG_INFORMATION_FORMAT = "dwarf-with-dsym";
				ENABLE_BITCODE = NO;
				ENABLE_NS_ASSERTIONS = NO;
				ENABLE_STRICT_OBJC_MSGSEND = YES;
				GCC_C_LANGUAGE_STANDARD = gnu11;
				GCC_NO_COMMON_BLOCKS = YES;
				GCC_WARN_64_TO_32_BIT_CONVERSION = YES;
				GCC_WARN_ABOUT_RETURN_TYPE = YES_ERROR;
				GCC_WARN_UNDECLARED_SELECTOR = YES;
				GCC_WARN_UNINITIALIZED_AUTOS = YES_AGGRESSIVE;
				GCC_WARN_UNUSED_FUNCTION = YES;
				GCC_WARN_UNUSED_VARIABLE = YES;
				IPHONEOS_DEPLOYMENT_TARGET = 10.0;
				MTL_ENABLE_DEBUG_INFO = NO;
				SDKROOT = iphoneos;
				SWIFT_OPTIMIZATION_LEVEL = "-Owholemodule";
				SWIFT_VERSION = 5.0;
				VALIDATE_PRODUCT = YES;
			};
			name = Release;
		};
		6052365A201FE51900B65A72 /* Debug */ = {
			isa = XCBuildConfiguration;
			baseConfigurationReference = BBCE85622A4AC53FBFA986B1 /* Pods-TuneURL.debug.xcconfig */;
			buildSettings = {
				ASSETCATALOG_COMPILER_APPICON_NAME = AppIcon;
				CLANG_ENABLE_MODULES = YES;
				CODE_SIGN_STYLE = Automatic;
				DEVELOPMENT_TEAM = J4H5ML29CZ;
				FRAMEWORK_SEARCH_PATHS = "$(inherited)";
				INFOPLIST_FILE = TuneURL/Info.plist;
				IPHONEOS_DEPLOYMENT_TARGET = 10.0;
				PRODUCT_BUNDLE_IDENTIFIER = com.tuneurl.ios;
				PRODUCT_NAME = "$(TARGET_NAME)";
				SWIFT_OPTIMIZATION_LEVEL = "-Onone";
				TARGETED_DEVICE_FAMILY = 1;
			};
			name = Debug;
		};
		6052365B201FE51900B65A72 /* Release */ = {
			isa = XCBuildConfiguration;
			baseConfigurationReference = BDE2CA3B2B257A37E40EE614 /* Pods-TuneURL.release.xcconfig */;
			buildSettings = {
				ASSETCATALOG_COMPILER_APPICON_NAME = AppIcon;
				CLANG_ENABLE_MODULES = YES;
				CODE_SIGN_STYLE = Automatic;
				DEVELOPMENT_TEAM = J4H5ML29CZ;
				FRAMEWORK_SEARCH_PATHS = "$(inherited)";
				INFOPLIST_FILE = TuneURL/Info.plist;
				IPHONEOS_DEPLOYMENT_TARGET = 10.0;
				PRODUCT_BUNDLE_IDENTIFIER = com.tuneurl.ios;
				PRODUCT_NAME = "$(TARGET_NAME)";
				TARGETED_DEVICE_FAMILY = 1;
			};
			name = Release;
		};
		6052365D201FE51900B65A72 /* Debug */ = {
			isa = XCBuildConfiguration;
			buildSettings = {
				ALWAYS_EMBED_SWIFT_STANDARD_LIBRARIES = YES;
				BUNDLE_LOADER = "$(TEST_HOST)";
				CODE_SIGN_STYLE = Automatic;
				DEVELOPMENT_TEAM = B74A3WDYVP;
				INFOPLIST_FILE = TuneURLTests/Info.plist;
				LD_RUNPATH_SEARCH_PATHS = "$(inherited) @executable_path/Frameworks @loader_path/Frameworks";
				PRODUCT_BUNDLE_IDENTIFIER = com.tuneurl.tests;
				PRODUCT_NAME = "$(TARGET_NAME)";
				TARGETED_DEVICE_FAMILY = "1,2";
				TEST_HOST = "$(BUILT_PRODUCTS_DIR)/TuneURL.app/TuneURL";
			};
			name = Debug;
		};
		6052365E201FE51900B65A72 /* Release */ = {
			isa = XCBuildConfiguration;
			buildSettings = {
				ALWAYS_EMBED_SWIFT_STANDARD_LIBRARIES = YES;
				BUNDLE_LOADER = "$(TEST_HOST)";
				CODE_SIGN_STYLE = Automatic;
				DEVELOPMENT_TEAM = B74A3WDYVP;
				INFOPLIST_FILE = TuneURLTests/Info.plist;
				LD_RUNPATH_SEARCH_PATHS = "$(inherited) @executable_path/Frameworks @loader_path/Frameworks";
				PRODUCT_BUNDLE_IDENTIFIER = com.tuneurl.tests;
				PRODUCT_NAME = "$(TARGET_NAME)";
				TARGETED_DEVICE_FAMILY = "1,2";
				TEST_HOST = "$(BUILT_PRODUCTS_DIR)/TuneURL.app/TuneURL";
			};
			name = Release;
		};
/* End XCBuildConfiguration section */

/* Begin XCConfigurationList section */
		60523635201FE51800B65A72 /* Build configuration list for PBXProject "TuneURL" */ = {
			isa = XCConfigurationList;
			buildConfigurations = (
				60523657201FE51900B65A72 /* Debug */,
				60523658201FE51900B65A72 /* Release */,
			);
			defaultConfigurationIsVisible = 0;
			defaultConfigurationName = Release;
		};
		60523659201FE51900B65A72 /* Build configuration list for PBXNativeTarget "TuneURL" */ = {
			isa = XCConfigurationList;
			buildConfigurations = (
				6052365A201FE51900B65A72 /* Debug */,
				6052365B201FE51900B65A72 /* Release */,
			);
			defaultConfigurationIsVisible = 0;
			defaultConfigurationName = Release;
		};
		6052365C201FE51900B65A72 /* Build configuration list for PBXNativeTarget "TuneURLTests" */ = {
			isa = XCConfigurationList;
			buildConfigurations = (
				6052365D201FE51900B65A72 /* Debug */,
				6052365E201FE51900B65A72 /* Release */,
			);
			defaultConfigurationIsVisible = 0;
			defaultConfigurationName = Release;
		};
/* End XCConfigurationList section */
	};
	rootObject = 60523632201FE51800B65A72 /* Project object */;
}
