// !$*UTF8*$!
{
	archiveVersion = 1;
	classes = {
	};
	objectVersion = 54;
	objects = {

/* Begin PBXBuildFile section */
		4D4ED16C25719A0F00EDC277 /* ReportingData.swift in Sources */ = {isa = PBXBuildFile; fileRef = 4D4ED16B25719A0F00EDC277 /* ReportingData.swift */; };
		4D4ED16E2573D59800EDC277 /* ReportingManager.swift in Sources */ = {isa = PBXBuildFile; fileRef = 4D4ED16D2573D59800EDC277 /* ReportingManager.swift */; };
		600A6EB8205EB2B500F96F7A /* Notify.swift in Sources */ = {isa = PBXBuildFile; fileRef = 600A6EB7205EB2B500F96F7A /* Notify.swift */; };
		6052363E201FE51900B65A72 /* AppDelegate.swift in Sources */ = {isa = PBXBuildFile; fileRef = 6052363D201FE51900B65A72 /* AppDelegate.swift */; };
		60523645201FE51900B65A72 /* Main.storyboard in Resources */ = {isa = PBXBuildFile; fileRef = 60523643201FE51900B65A72 /* Main.storyboard */; };
		60523647201FE51900B65A72 /* Assets.xcassets in Resources */ = {isa = PBXBuildFile; fileRef = 60523646201FE51900B65A72 /* Assets.xcassets */; };
		6052364A201FE51900B65A72 /* LaunchScreen.storyboard in Resources */ = {isa = PBXBuildFile; fileRef = 60523648201FE51900B65A72 /* LaunchScreen.storyboard */; };
		60523655201FE51900B65A72 /* TuneURLTests.swift in Sources */ = {isa = PBXBuildFile; fileRef = 60523654201FE51900B65A72 /* TuneURLTests.swift */; };
		60D361E120CB31470079C14C /* PollData.swift in Sources */ = {isa = PBXBuildFile; fileRef = 60D361E020CB31470079C14C /* PollData.swift */; };
		60D361E320CB40380079C14C /* EncodableExtension.swift in Sources */ = {isa = PBXBuildFile; fileRef = 60D361E220CB40380079C14C /* EncodableExtension.swift */; };
		60D361E720CDC17C0079C14C /* PollManager.swift in Sources */ = {isa = PBXBuildFile; fileRef = 60D361E620CDC17C0079C14C /* PollManager.swift */; };
		60D361E920D164540079C14C /* PollViewController.swift in Sources */ = {isa = PBXBuildFile; fileRef = 60D361E820D164540079C14C /* PollViewController.swift */; };
		6D9F1B12258188BC004C4E29 /* InterestViewController.swift in Sources */ = {isa = PBXBuildFile; fileRef = 6D9F1B11258188BC004C4E29 /* InterestViewController.swift */; };
		8101015F2E40CFC000166AEA /* AudioRecordingsView.swift in Sources */ = {isa = PBXBuildFile; fileRef = 8101015E2E40CFBD00166AEA /* AudioRecordingsView.swift */; };
		810101DD2E40D7BC00166AEA /* Trigger-Audio.mp3 in Resources */ = {isa = PBXBuildFile; fileRef = 810101DC2E40D7BC00166AEA /* Trigger-Audio.mp3 */; };
		81746B6C2E9E4C16006981AE /* StreamDetector.swift in Sources */ = {isa = PBXBuildFile; fileRef = 81746B6B2E9E4C10006981AE /* StreamDetector.swift */; };
		81746B6D2E9E4C16006981AE /* StreamDetector.swift in Sources */ = {isa = PBXBuildFile; fileRef = 81746B6B2E9E4C10006981AE /* StreamDetector.swift */; };
		DCC3A21648720C0E8D25B72B /* Pods_TuneURL.framework in Frameworks */ = {isa = PBXBuildFile; fileRef = D2B422BDFF2F9DB84C9FB29E /* Pods_TuneURL.framework */; };
		EC244B9B2702561E002D4D94 /* TuneURL.h in Headers */ = {isa = PBXBuildFile; fileRef = EC244B9A2702561E002D4D94 /* TuneURL.h */; settings = {ATTRIBUTES = (Public, ); }; };
		EC244B9E2702561E002D4D94 /* TuneURL.framework in Frameworks */ = {isa = PBXBuildFile; fileRef = EC244B982702561E002D4D94 /* TuneURL.framework */; };
		EC244BA02702561E002D4D94 /* TuneURL.framework in Embed Frameworks */ = {isa = PBXBuildFile; fileRef = EC244B982702561E002D4D94 /* TuneURL.framework */; settings = {ATTRIBUTES = (CodeSignOnCopy, RemoveHeadersOnCopy, ); }; };
		EC244BA42702573C002D4D94 /* AudioUtility.swift in Sources */ = {isa = PBXBuildFile; fileRef = EC30067F23317E6D0013B8F8 /* AudioUtility.swift */; };
		EC244BA527025743002D4D94 /* AudioBuffer.swift in Sources */ = {isa = PBXBuildFile; fileRef = EC4E097E231EDF8300445E52 /* AudioBuffer.swift */; };
		EC244BA627025747002D4D94 /* AudioCapture.swift in Sources */ = {isa = PBXBuildFile; fileRef = EC4E097C231EDC6500445E52 /* AudioCapture.swift */; };
		EC244BA72702574C002D4D94 /* AudioMatcher.swift in Sources */ = {isa = PBXBuildFile; fileRef = 600A6EBD205EBEC500F96F7A /* AudioMatcher.swift */; };
		EC244BA9270258A2002D4D94 /* Server.swift in Sources */ = {isa = PBXBuildFile; fileRef = EC2FDA6D2339BABF0011DE7A /* Server.swift */; };
		EC244BB22702736E002D4D94 /* Match.swift in Sources */ = {isa = PBXBuildFile; fileRef = 6024B74020606C8D0005A984 /* Match.swift */; };
		EC244BB4270273AC002D4D94 /* Listener.swift in Sources */ = {isa = PBXBuildFile; fileRef = EC244BB3270273AC002D4D94 /* Listener.swift */; };
		EC244BB627027BEB002D4D94 /* Debug.swift in Sources */ = {isa = PBXBuildFile; fileRef = EC244BB527027BEB002D4D94 /* Debug.swift */; };
		EC244BB827027DEE002D4D94 /* libFingerprint.a in Frameworks */ = {isa = PBXBuildFile; fileRef = EC244BB727027DEE002D4D94 /* libFingerprint.a */; };
		EC244BBA27027E0E002D4D94 /* libc++.tbd in Frameworks */ = {isa = PBXBuildFile; fileRef = EC244BB927027E0D002D4D94 /* libc++.tbd */; };
		EC244BBC27027E2C002D4D94 /* Accelerate.framework in Frameworks */ = {isa = PBXBuildFile; fileRef = EC244BBB27027E2C002D4D94 /* Accelerate.framework */; };
		EC2CA86B24F93B8700443202 /* UIViewExtensions.swift in Sources */ = {isa = PBXBuildFile; fileRef = EC2CA86A24F93B8700443202 /* UIViewExtensions.swift */; };
		EC2CA86D24F93D8500443202 /* SavedItemCollectionLayout.swift in Sources */ = {isa = PBXBuildFile; fileRef = EC2CA86C24F93D8500443202 /* SavedItemCollectionLayout.swift */; };
		EC2CA86F24F9537600443202 /* RecentItemCollectionLayout.swift in Sources */ = {isa = PBXBuildFile; fileRef = EC2CA86E24F9537600443202 /* RecentItemCollectionLayout.swift */; };
		EC30069723317E8E0013B8F8 /* Trigger-Audio1.wav in Resources */ = {isa = PBXBuildFile; fileRef = EC30069623317E8E0013B8F8 /* Trigger-Audio1.wav */; };
		EC3FC8052729E42800869D88 /* Detector.swift in Sources */ = {isa = PBXBuildFile; fileRef = EC3FC8042729E42800869D88 /* Detector.swift */; };
		EC3FC80D2729EFA500869D88 /* main.swift in Sources */ = {isa = PBXBuildFile; fileRef = EC3FC80C2729EFA500869D88 /* main.swift */; };
		EC3FC8112729F0A700869D88 /* AudioBuffer.swift in Sources */ = {isa = PBXBuildFile; fileRef = EC4E097E231EDF8300445E52 /* AudioBuffer.swift */; };
		EC3FC8142729F0AD00869D88 /* AudioUtility.swift in Sources */ = {isa = PBXBuildFile; fileRef = EC30067F23317E6D0013B8F8 /* AudioUtility.swift */; };
		EC3FC8152729F0AF00869D88 /* Debug.swift in Sources */ = {isa = PBXBuildFile; fileRef = EC244BB527027BEB002D4D94 /* Debug.swift */; };
		EC3FC8162729F0B000869D88 /* Detector.swift in Sources */ = {isa = PBXBuildFile; fileRef = EC3FC8042729E42800869D88 /* Detector.swift */; };
		EC3FC8182729F0B400869D88 /* Match.swift in Sources */ = {isa = PBXBuildFile; fileRef = 6024B74020606C8D0005A984 /* Match.swift */; };
		EC3FC82A2729F3FE00869D88 /* libFingerprint.a in Frameworks */ = {isa = PBXBuildFile; fileRef = EC3FC8292729F3FE00869D88 /* libFingerprint.a */; };
		EC3FC82E2729F47300869D88 /* libc++.tbd in Frameworks */ = {isa = PBXBuildFile; fileRef = EC3FC82B2729F40C00869D88 /* libc++.tbd */; };
		EC3FC8302729F48E00869D88 /* Accelerate.framework in Frameworks */ = {isa = PBXBuildFile; fileRef = EC3FC82F2729F48E00869D88 /* Accelerate.framework */; };
		EC4F01322337CE4700E6FB77 /* MatchedItemCollection.swift in Sources */ = {isa = PBXBuildFile; fileRef = EC4F01312337CE4700E6FB77 /* MatchedItemCollection.swift */; };
		EC4F01342337CF0600E6FB77 /* MatchedItem.swift in Sources */ = {isa = PBXBuildFile; fileRef = EC4F01332337CF0600E6FB77 /* MatchedItem.swift */; };
		EC4F01362337D03000E6FB77 /* MatchedItemCell.swift in Sources */ = {isa = PBXBuildFile; fileRef = EC4F01352337D03000E6FB77 /* MatchedItemCell.swift */; };
		ECA8C139272D147000045723 /* Server.swift in Sources */ = {isa = PBXBuildFile; fileRef = EC2FDA6D2339BABF0011DE7A /* Server.swift */; };
		ECA8C13F272D2D9F00045723 /* AVFoundation.framework in Frameworks */ = {isa = PBXBuildFile; fileRef = ECA8C13E272D2D9F00045723 /* AVFoundation.framework */; };
		ECB9164324F5C92C0091C76B /* SavedContentViewController.swift in Sources */ = {isa = PBXBuildFile; fileRef = ECB9164224F5C92C0091C76B /* SavedContentViewController.swift */; };
		ECB9166724F5CED10091C76B /* ListenViewController.swift in Sources */ = {isa = PBXBuildFile; fileRef = ECB9166624F5CED10091C76B /* ListenViewController.swift */; };
		ECB9166924F5D2170091C76B /* BasePageViewController.swift in Sources */ = {isa = PBXBuildFile; fileRef = ECB9166824F5D2170091C76B /* BasePageViewController.swift */; };
/* End PBXBuildFile section */

/* Begin PBXContainerItemProxy section */
		60523651201FE51900B65A72 /* PBXContainerItemProxy */ = {
			isa = PBXContainerItemProxy;
			containerPortal = 60523632201FE51800B65A72 /* Project object */;
			proxyType = 1;
			remoteGlobalIDString = 60523639201FE51900B65A72;
			remoteInfo = AudioTriggerPOC;
		};
		EC244B9C2702561E002D4D94 /* PBXContainerItemProxy */ = {
			isa = PBXContainerItemProxy;
			containerPortal = 60523632201FE51800B65A72 /* Project object */;
			proxyType = 1;
			remoteGlobalIDString = EC244B972702561E002D4D94;
			remoteInfo = "TuneURL (SDK)";
		};
/* End PBXContainerItemProxy section */

/* Begin PBXCopyFilesBuildPhase section */
		EC244B9F2702561E002D4D94 /* Embed Frameworks */ = {
			isa = PBXCopyFilesBuildPhase;
			buildActionMask = 2147483647;
			dstPath = "";
			dstSubfolderSpec = 10;
			files = (
				EC244BA02702561E002D4D94 /* TuneURL.framework in Embed Frameworks */,
			);
			name = "Embed Frameworks";
			runOnlyForDeploymentPostprocessing = 0;
		};
		EC3FC8082729EFA500869D88 /* CopyFiles */ = {
			isa = PBXCopyFilesBuildPhase;
			buildActionMask = 2147483647;
			dstPath = /usr/share/man/man1/;
			dstSubfolderSpec = 0;
			files = (
			);
			runOnlyForDeploymentPostprocessing = 1;
		};
/* End PBXCopyFilesBuildPhase section */

/* Begin PBXFileReference section */
		0A2CFED9DCA2349DDD463049 /* Pods_TuneURL__CLI_.framework */ = {isa = PBXFileReference; explicitFileType = wrapper.framework; includeInIndex = 0; path = Pods_TuneURL__CLI_.framework; sourceTree = BUILT_PRODUCTS_DIR; };
		4D4ED16B25719A0F00EDC277 /* ReportingData.swift */ = {isa = PBXFileReference; fileEncoding = 4; lastKnownFileType = sourcecode.swift; path = ReportingData.swift; sourceTree = "<group>"; };
		4D4ED16D2573D59800EDC277 /* ReportingManager.swift */ = {isa = PBXFileReference; fileEncoding = 4; lastKnownFileType = sourcecode.swift; path = ReportingManager.swift; sourceTree = "<group>"; };
		600A6EB7205EB2B500F96F7A /* Notify.swift */ = {isa = PBXFileReference; fileEncoding = 4; lastKnownFileType = sourcecode.swift; path = Notify.swift; sourceTree = "<group>"; };
		600A6EBD205EBEC500F96F7A /* AudioMatcher.swift */ = {isa = PBXFileReference; fileEncoding = 4; lastKnownFileType = sourcecode.swift; path = AudioMatcher.swift; sourceTree = "<group>"; };
		6024B74020606C8D0005A984 /* Match.swift */ = {isa = PBXFileReference; fileEncoding = 4; lastKnownFileType = sourcecode.swift; path = Match.swift; sourceTree = "<group>"; };
		6052363A201FE51900B65A72 /* TuneURL.app */ = {isa = PBXFileReference; explicitFileType = wrapper.application; includeInIndex = 0; path = TuneURL.app; sourceTree = BUILT_PRODUCTS_DIR; };
		6052363D201FE51900B65A72 /* AppDelegate.swift */ = {isa = PBXFileReference; fileEncoding = 4; lastKnownFileType = sourcecode.swift; path = AppDelegate.swift; sourceTree = "<group>"; };
		60523644201FE51900B65A72 /* Base */ = {isa = PBXFileReference; lastKnownFileType = file.storyboard; name = Base; path = Base.lproj/Main.storyboard; sourceTree = "<group>"; };
		60523646201FE51900B65A72 /* Assets.xcassets */ = {isa = PBXFileReference; lastKnownFileType = folder.assetcatalog; path = Assets.xcassets; sourceTree = "<group>"; };
		60523649201FE51900B65A72 /* Base */ = {isa = PBXFileReference; lastKnownFileType = file.storyboard; name = Base; path = Base.lproj/LaunchScreen.storyboard; sourceTree = "<group>"; };
		6052364B201FE51900B65A72 /* Info.plist */ = {isa = PBXFileReference; lastKnownFileType = text.plist.xml; path = Info.plist; sourceTree = "<group>"; };
		60523650201FE51900B65A72 /* TuneURLTests.xctest */ = {isa = PBXFileReference; explicitFileType = wrapper.cfbundle; includeInIndex = 0; path = TuneURLTests.xctest; sourceTree = BUILT_PRODUCTS_DIR; };
		60523654201FE51900B65A72 /* TuneURLTests.swift */ = {isa = PBXFileReference; fileEncoding = 4; lastKnownFileType = sourcecode.swift; path = TuneURLTests.swift; sourceTree = "<group>"; };
		60523656201FE51900B65A72 /* Info.plist */ = {isa = PBXFileReference; lastKnownFileType = text.plist.xml; path = Info.plist; sourceTree = "<group>"; };
		60D361E020CB31470079C14C /* PollData.swift */ = {isa = PBXFileReference; fileEncoding = 4; lastKnownFileType = sourcecode.swift; path = PollData.swift; sourceTree = "<group>"; };
		60D361E220CB40380079C14C /* EncodableExtension.swift */ = {isa = PBXFileReference; fileEncoding = 4; lastKnownFileType = sourcecode.swift; path = EncodableExtension.swift; sourceTree = "<group>"; };
		60D361E620CDC17C0079C14C /* PollManager.swift */ = {isa = PBXFileReference; fileEncoding = 4; lastKnownFileType = sourcecode.swift; path = PollManager.swift; sourceTree = "<group>"; };
		60D361E820D164540079C14C /* PollViewController.swift */ = {isa = PBXFileReference; fileEncoding = 4; lastKnownFileType = sourcecode.swift; path = PollViewController.swift; sourceTree = "<group>"; };
		6D9F1B11258188BC004C4E29 /* InterestViewController.swift */ = {isa = PBXFileReference; fileEncoding = 4; lastKnownFileType = sourcecode.swift; path = InterestViewController.swift; sourceTree = "<group>"; };
		8101015E2E40CFBD00166AEA /* AudioRecordingsView.swift */ = {isa = PBXFileReference; lastKnownFileType = sourcecode.swift; path = AudioRecordingsView.swift; sourceTree = "<group>"; };
		810101DC2E40D7BC00166AEA /* Trigger-Audio.mp3 */ = {isa = PBXFileReference; lastKnownFileType = audio.mp3; path = "Trigger-Audio.mp3"; sourceTree = "<group>"; };
		81746B6B2E9E4C10006981AE /* StreamDetector.swift */ = {isa = PBXFileReference; lastKnownFileType = sourcecode.swift; path = StreamDetector.swift; sourceTree = "<group>"; };
		BBCE85622A4AC53FBFA986B1 /* Pods-TuneURL.debug.xcconfig */ = {isa = PBXFileReference; includeInIndex = 1; lastKnownFileType = text.xcconfig; name = "Pods-TuneURL.debug.xcconfig"; path = "Pods/Target Support Files/Pods-TuneURL/Pods-TuneURL.debug.xcconfig"; sourceTree = "<group>"; };
		BDE2CA3B2B257A37E40EE614 /* Pods-TuneURL.release.xcconfig */ = {isa = PBXFileReference; includeInIndex = 1; lastKnownFileType = text.xcconfig; name = "Pods-TuneURL.release.xcconfig"; path = "Pods/Target Support Files/Pods-TuneURL/Pods-TuneURL.release.xcconfig"; sourceTree = "<group>"; };
		D2B422BDFF2F9DB84C9FB29E /* Pods_TuneURL.framework */ = {isa = PBXFileReference; explicitFileType = wrapper.framework; includeInIndex = 0; path = Pods_TuneURL.framework; sourceTree = BUILT_PRODUCTS_DIR; };
		EC06695A2652F781000D0ECF /* libFingerprint.a */ = {isa = PBXFileReference; explicitFileType = archive.ar; path = libFingerprint.a; sourceTree = BUILT_PRODUCTS_DIR; };
		EC06696026530115000D0ECF /* libc++.tbd */ = {isa = PBXFileReference; lastKnownFileType = "sourcecode.text-based-dylib-definition"; name = "libc++.tbd"; path = "usr/lib/libc++.tbd"; sourceTree = SDKROOT; };
		EC06696226530120000D0ECF /* Accelerate.framework */ = {isa = PBXFileReference; lastKnownFileType = wrapper.framework; name = Accelerate.framework; path = System/Library/Frameworks/Accelerate.framework; sourceTree = SDKROOT; };
		EC244B982702561E002D4D94 /* TuneURL.framework */ = {isa = PBXFileReference; explicitFileType = wrapper.framework; includeInIndex = 0; path = TuneURL.framework; sourceTree = BUILT_PRODUCTS_DIR; };
		EC244B9A2702561E002D4D94 /* TuneURL.h */ = {isa = PBXFileReference; fileEncoding = 4; lastKnownFileType = sourcecode.c.h; path = TuneURL.h; sourceTree = "<group>"; };
		EC244BB3270273AC002D4D94 /* Listener.swift */ = {isa = PBXFileReference; fileEncoding = 4; lastKnownFileType = sourcecode.swift; path = Listener.swift; sourceTree = "<group>"; };
		EC244BB527027BEB002D4D94 /* Debug.swift */ = {isa = PBXFileReference; fileEncoding = 4; lastKnownFileType = sourcecode.swift; path = Debug.swift; sourceTree = "<group>"; };
		EC244BB727027DEE002D4D94 /* libFingerprint.a */ = {isa = PBXFileReference; explicitFileType = archive.ar; path = libFingerprint.a; sourceTree = BUILT_PRODUCTS_DIR; };
		EC244BB927027E0D002D4D94 /* libc++.tbd */ = {isa = PBXFileReference; lastKnownFileType = "sourcecode.text-based-dylib-definition"; name = "libc++.tbd"; path = "Platforms/MacOSX.platform/Developer/SDKs/MacOSX11.3.sdk/usr/lib/libc++.tbd"; sourceTree = DEVELOPER_DIR; };
		EC244BBB27027E2C002D4D94 /* Accelerate.framework */ = {isa = PBXFileReference; lastKnownFileType = wrapper.framework; name = Accelerate.framework; path = Platforms/MacOSX.platform/Developer/SDKs/MacOSX11.3.sdk/System/Library/Frameworks/Accelerate.framework; sourceTree = DEVELOPER_DIR; };
		EC2CA86A24F93B8700443202 /* UIViewExtensions.swift */ = {isa = PBXFileReference; fileEncoding = 4; lastKnownFileType = sourcecode.swift; path = UIViewExtensions.swift; sourceTree = "<group>"; };
		EC2CA86C24F93D8500443202 /* SavedItemCollectionLayout.swift */ = {isa = PBXFileReference; fileEncoding = 4; lastKnownFileType = sourcecode.swift; path = SavedItemCollectionLayout.swift; sourceTree = "<group>"; };
		EC2CA86E24F9537600443202 /* RecentItemCollectionLayout.swift */ = {isa = PBXFileReference; fileEncoding = 4; lastKnownFileType = sourcecode.swift; path = RecentItemCollectionLayout.swift; sourceTree = "<group>"; };
		EC2FDA6D2339BABF0011DE7A /* Server.swift */ = {isa = PBXFileReference; fileEncoding = 4; lastKnownFileType = sourcecode.swift; path = Server.swift; sourceTree = "<group>"; };
		EC30067F23317E6D0013B8F8 /* AudioUtility.swift */ = {isa = PBXFileReference; fileEncoding = 4; lastKnownFileType = sourcecode.swift; path = AudioUtility.swift; sourceTree = "<group>"; };
		EC30069623317E8E0013B8F8 /* Trigger-Audio1.wav */ = {isa = PBXFileReference; lastKnownFileType = audio.wav; path = "Trigger-Audio1.wav"; sourceTree = "<group>"; };
		EC3FC8042729E42800869D88 /* Detector.swift */ = {isa = PBXFileReference; fileEncoding = 4; lastKnownFileType = sourcecode.swift; path = Detector.swift; sourceTree = "<group>"; };
		EC3FC80A2729EFA500869D88 /* TuneURL */ = {isa = PBXFileReference; explicitFileType = "compiled.mach-o.executable"; includeInIndex = 0; path = TuneURL; sourceTree = BUILT_PRODUCTS_DIR; };
		EC3FC80C2729EFA500869D88 /* main.swift */ = {isa = PBXFileReference; fileEncoding = 4; lastKnownFileType = sourcecode.swift; path = main.swift; sourceTree = "<group>"; };
		EC3FC8292729F3FE00869D88 /* libFingerprint.a */ = {isa = PBXFileReference; explicitFileType = archive.ar; path = libFingerprint.a; sourceTree = BUILT_PRODUCTS_DIR; };
		EC3FC82B2729F40C00869D88 /* libc++.tbd */ = {isa = PBXFileReference; lastKnownFileType = "sourcecode.text-based-dylib-definition"; name = "libc++.tbd"; path = "Platforms/MacOSX.platform/Developer/SDKs/MacOSX12.0.sdk/usr/lib/libc++.tbd"; sourceTree = DEVELOPER_DIR; };
		EC3FC82C2729F41600869D88 /* libc++.1.tbd */ = {isa = PBXFileReference; lastKnownFileType = "sourcecode.text-based-dylib-definition"; name = "libc++.1.tbd"; path = "Platforms/MacOSX.platform/Developer/SDKs/MacOSX12.0.sdk/usr/lib/libc++.1.tbd"; sourceTree = DEVELOPER_DIR; };
		EC3FC82F2729F48E00869D88 /* Accelerate.framework */ = {isa = PBXFileReference; lastKnownFileType = wrapper.framework; name = Accelerate.framework; path = Platforms/MacOSX.platform/Developer/SDKs/MacOSX12.0.sdk/System/Library/Frameworks/Accelerate.framework; sourceTree = DEVELOPER_DIR; };
		EC4E097C231EDC6500445E52 /* AudioCapture.swift */ = {isa = PBXFileReference; fileEncoding = 4; lastKnownFileType = sourcecode.swift; path = AudioCapture.swift; sourceTree = "<group>"; };
		EC4E097E231EDF8300445E52 /* AudioBuffer.swift */ = {isa = PBXFileReference; fileEncoding = 4; lastKnownFileType = sourcecode.swift; path = AudioBuffer.swift; sourceTree = "<group>"; };
		EC4F01312337CE4700E6FB77 /* MatchedItemCollection.swift */ = {isa = PBXFileReference; fileEncoding = 4; lastKnownFileType = sourcecode.swift; path = MatchedItemCollection.swift; sourceTree = "<group>"; };
		EC4F01332337CF0600E6FB77 /* MatchedItem.swift */ = {isa = PBXFileReference; fileEncoding = 4; lastKnownFileType = sourcecode.swift; path = MatchedItem.swift; sourceTree = "<group>"; };
		EC4F01352337D03000E6FB77 /* MatchedItemCell.swift */ = {isa = PBXFileReference; fileEncoding = 4; lastKnownFileType = sourcecode.swift; path = MatchedItemCell.swift; sourceTree = "<group>"; };
		EC7FAA122720AA7000B0AE65 /* SDK Build Notes.md */ = {isa = PBXFileReference; fileEncoding = 4; lastKnownFileType = net.daringfireball.markdown; path = "SDK Build Notes.md"; sourceTree = "<group>"; };
		ECA8C13E272D2D9F00045723 /* AVFoundation.framework */ = {isa = PBXFileReference; lastKnownFileType = wrapper.framework; name = AVFoundation.framework; path = Platforms/MacOSX.platform/Developer/SDKs/MacOSX12.0.sdk/System/Library/Frameworks/AVFoundation.framework; sourceTree = DEVELOPER_DIR; };
		ECB9164224F5C92C0091C76B /* SavedContentViewController.swift */ = {isa = PBXFileReference; fileEncoding = 4; lastKnownFileType = sourcecode.swift; path = SavedContentViewController.swift; sourceTree = "<group>"; };
		ECB9166624F5CED10091C76B /* ListenViewController.swift */ = {isa = PBXFileReference; fileEncoding = 4; lastKnownFileType = sourcecode.swift; path = ListenViewController.swift; sourceTree = "<group>"; };
		ECB9166824F5D2170091C76B /* BasePageViewController.swift */ = {isa = PBXFileReference; fileEncoding = 4; lastKnownFileType = sourcecode.swift; path = BasePageViewController.swift; sourceTree = "<group>"; };
		ECBD100E2322EFDC005415EF /* UpdateBuildNumber.sh */ = {isa = PBXFileReference; lastKnownFileType = text.script.sh; path = UpdateBuildNumber.sh; sourceTree = "<group>"; };
		ECC009B02718F1E2003D950B /* BuildFramework.sh */ = {isa = PBXFileReference; lastKnownFileType = text.script.sh; path = BuildFramework.sh; sourceTree = "<group>"; };
/* End PBXFileReference section */

/* Begin PBXFrameworksBuildPhase section */
		60523637201FE51900B65A72 /* Frameworks */ = {
			isa = PBXFrameworksBuildPhase;
			buildActionMask = 2147483647;
			files = (
				DCC3A21648720C0E8D25B72B /* Pods_TuneURL.framework in Frameworks */,
				EC244B9E2702561E002D4D94 /* TuneURL.framework in Frameworks */,
			);
			runOnlyForDeploymentPostprocessing = 0;
		};
		6052364D201FE51900B65A72 /* Frameworks */ = {
			isa = PBXFrameworksBuildPhase;
			buildActionMask = 2147483647;
			files = (
			);
			runOnlyForDeploymentPostprocessing = 0;
		};
		EC244B952702561E002D4D94 /* Frameworks */ = {
			isa = PBXFrameworksBuildPhase;
			buildActionMask = 2147483647;
			files = (
				EC244BBA27027E0E002D4D94 /* libc++.tbd in Frameworks */,
				EC244BB827027DEE002D4D94 /* libFingerprint.a in Frameworks */,
				EC244BBC27027E2C002D4D94 /* Accelerate.framework in Frameworks */,
				ECA8C13F272D2D9F00045723 /* AVFoundation.framework in Frameworks */,
			);
			runOnlyForDeploymentPostprocessing = 0;
		};
		EC3FC8072729EFA500869D88 /* Frameworks */ = {
			isa = PBXFrameworksBuildPhase;
			buildActionMask = 2147483647;
			files = (
				EC3FC8302729F48E00869D88 /* Accelerate.framework in Frameworks */,
				EC3FC82E2729F47300869D88 /* libc++.tbd in Frameworks */,
				EC3FC82A2729F3FE00869D88 /* libFingerprint.a in Frameworks */,
			);
			runOnlyForDeploymentPostprocessing = 0;
		};
/* End PBXFrameworksBuildPhase section */

/* Begin PBXGroup section */
		60523631201FE51800B65A72 = {
			isa = PBXGroup;
			children = (
				EC7FAA122720AA7000B0AE65 /* SDK Build Notes.md */,
				ECC009B02718F1E2003D950B /* BuildFramework.sh */,
				ECBD100E2322EFDC005415EF /* UpdateBuildNumber.sh */,
				6052363C201FE51900B65A72 /* TuneURL */,
				EC3FC80B2729EFA500869D88 /* TuneURL (CLI) */,
				EC244B992702561E002D4D94 /* TuneURL (SDK) */,
				60523653201FE51900B65A72 /* TuneURLTests */,
				6052363B201FE51900B65A72 /* Products */,
				DB97329E3D2244005E84C3E0 /* Pods */,
				706DE416CDBE83EE3CBC91AD /* Frameworks */,
			);
			sourceTree = "<group>";
		};
		6052363B201FE51900B65A72 /* Products */ = {
			isa = PBXGroup;
			children = (
				6052363A201FE51900B65A72 /* TuneURL.app */,
				60523650201FE51900B65A72 /* TuneURLTests.xctest */,
				EC244B982702561E002D4D94 /* TuneURL.framework */,
				EC3FC80A2729EFA500869D88 /* TuneURL */,
			);
			name = Products;
			sourceTree = "<group>";
		};
		6052363C201FE51900B65A72 /* TuneURL */ = {
			isa = PBXGroup;
			children = (
				8101015E2E40CFBD00166AEA /* AudioRecordingsView.swift */,
				60523646201FE51900B65A72 /* Assets.xcassets */,
				6052364B201FE51900B65A72 /* Info.plist */,
				60523648201FE51900B65A72 /* LaunchScreen.storyboard */,
				60523643201FE51900B65A72 /* Main.storyboard */,
				810101DC2E40D7BC00166AEA /* Trigger-Audio.mp3 */,
				EC30069623317E8E0013B8F8 /* Trigger-Audio1.wav */,
				6052363D201FE51900B65A72 /* AppDelegate.swift */,
				ECB9166824F5D2170091C76B /* BasePageViewController.swift */,
				60D361E220CB40380079C14C /* EncodableExtension.swift */,
				6D9F1B11258188BC004C4E29 /* InterestViewController.swift */,
				ECB9166624F5CED10091C76B /* ListenViewController.swift */,
				EC4F01332337CF0600E6FB77 /* MatchedItem.swift */,
				EC4F01352337D03000E6FB77 /* MatchedItemCell.swift */,
				EC4F01312337CE4700E6FB77 /* MatchedItemCollection.swift */,
				600A6EB7205EB2B500F96F7A /* Notify.swift */,
				60D361E020CB31470079C14C /* PollData.swift */,
				60D361E620CDC17C0079C14C /* PollManager.swift */,
				60D361E820D164540079C14C /* PollViewController.swift */,
				EC2CA86E24F9537600443202 /* RecentItemCollectionLayout.swift */,
				4D4ED16B25719A0F00EDC277 /* ReportingData.swift */,
				4D4ED16D2573D59800EDC277 /* ReportingManager.swift */,
				ECB9164224F5C92C0091C76B /* SavedContentViewController.swift */,
				EC2CA86C24F93D8500443202 /* SavedItemCollectionLayout.swift */,
				EC2CA86A24F93B8700443202 /* UIViewExtensions.swift */,
			);
			path = TuneURL;
			sourceTree = "<group>";
		};
		60523653201FE51900B65A72 /* TuneURLTests */ = {
			isa = PBXGroup;
			children = (
				60523654201FE51900B65A72 /* TuneURLTests.swift */,
				60523656201FE51900B65A72 /* Info.plist */,
			);
			path = TuneURLTests;
			sourceTree = "<group>";
		};
		706DE416CDBE83EE3CBC91AD /* Frameworks */ = {
			isa = PBXGroup;
			children = (
				ECA8C13E272D2D9F00045723 /* AVFoundation.framework */,
				EC3FC82F2729F48E00869D88 /* Accelerate.framework */,
				EC3FC82C2729F41600869D88 /* libc++.1.tbd */,
				EC3FC82B2729F40C00869D88 /* libc++.tbd */,
				EC3FC8292729F3FE00869D88 /* libFingerprint.a */,
				EC244BBB27027E2C002D4D94 /* Accelerate.framework */,
				EC244BB927027E0D002D4D94 /* libc++.tbd */,
				EC244BB727027DEE002D4D94 /* libFingerprint.a */,
				EC06696226530120000D0ECF /* Accelerate.framework */,
				EC06696026530115000D0ECF /* libc++.tbd */,
				EC06695A2652F781000D0ECF /* libFingerprint.a */,
				D2B422BDFF2F9DB84C9FB29E /* Pods_TuneURL.framework */,
				0A2CFED9DCA2349DDD463049 /* Pods_TuneURL__CLI_.framework */,
			);
			name = Frameworks;
			sourceTree = "<group>";
		};
		DB97329E3D2244005E84C3E0 /* Pods */ = {
			isa = PBXGroup;
			children = (
				BBCE85622A4AC53FBFA986B1 /* Pods-TuneURL.debug.xcconfig */,
				BDE2CA3B2B257A37E40EE614 /* Pods-TuneURL.release.xcconfig */,
			);
			name = Pods;
			sourceTree = "<group>";
		};
		EC244B992702561E002D4D94 /* TuneURL (SDK) */ = {
			isa = PBXGroup;
			children = (
				EC244B9A2702561E002D4D94 /* TuneURL.h */,
				EC4E097E231EDF8300445E52 /* AudioBuffer.swift */,
				EC4E097C231EDC6500445E52 /* AudioCapture.swift */,
				600A6EBD205EBEC500F96F7A /* AudioMatcher.swift */,
				EC30067F23317E6D0013B8F8 /* AudioUtility.swift */,
				EC244BB527027BEB002D4D94 /* Debug.swift */,
				EC3FC8042729E42800869D88 /* Detector.swift */,
				81746B6B2E9E4C10006981AE /* StreamDetector.swift */,
				EC244BB3270273AC002D4D94 /* Listener.swift */,
				6024B74020606C8D0005A984 /* Match.swift */,
				EC2FDA6D2339BABF0011DE7A /* Server.swift */,
			);
			path = "TuneURL (SDK)";
			sourceTree = "<group>";
		};
		EC3FC80B2729EFA500869D88 /* TuneURL (CLI) */ = {
			isa = PBXGroup;
			children = (
				EC3FC80C2729EFA500869D88 /* main.swift */,
			);
			path = "TuneURL (CLI)";
			sourceTree = "<group>";
		};
/* End PBXGroup section */

/* Begin PBXHeadersBuildPhase section */
		EC244B932702561E002D4D94 /* Headers */ = {
			isa = PBXHeadersBuildPhase;
			buildActionMask = 2147483647;
			files = (
				EC244B9B2702561E002D4D94 /* TuneURL.h in Headers */,
			);
			runOnlyForDeploymentPostprocessing = 0;
		};
/* End PBXHeadersBuildPhase section */

/* Begin PBXNativeTarget section */
		60523639201FE51900B65A72 /* TuneURL */ = {
			isa = PBXNativeTarget;
			buildConfigurationList = 60523659201FE51900B65A72 /* Build configuration list for PBXNativeTarget "TuneURL" */;
			buildPhases = (
				186E8413ADA85B0054EFCE84 /* [CP] Check Pods Manifest.lock */,
				ECBD100F2322F003005415EF /* Update Build Number */,
				60523636201FE51900B65A72 /* Sources */,
				60523637201FE51900B65A72 /* Frameworks */,
				60523638201FE51900B65A72 /* Resources */,
				15DDF9EFD846B8237765A3BC /* [CP] Embed Pods Frameworks */,
				EC244B9F2702561E002D4D94 /* Embed Frameworks */,
			);
			buildRules = (
			);
			dependencies = (
				EC244B9D2702561E002D4D94 /* PBXTargetDependency */,
			);
			name = TuneURL;
			productName = TuneURL;
			productReference = 6052363A201FE51900B65A72 /* TuneURL.app */;
			productType = "com.apple.product-type.application";
		};
		6052364F201FE51900B65A72 /* TuneURLTests */ = {
			isa = PBXNativeTarget;
			buildConfigurationList = 6052365C201FE51900B65A72 /* Build configuration list for PBXNativeTarget "TuneURLTests" */;
			buildPhases = (
				6052364C201FE51900B65A72 /* Sources */,
				6052364D201FE51900B65A72 /* Frameworks */,
				6052364E201FE51900B65A72 /* Resources */,
			);
			buildRules = (
			);
			dependencies = (
				60523652201FE51900B65A72 /* PBXTargetDependency */,
			);
			name = TuneURLTests;
			productName = TuneURLTests;
			productReference = 60523650201FE51900B65A72 /* TuneURLTests.xctest */;
			productType = "com.apple.product-type.bundle.unit-test";
		};
		EC244B972702561E002D4D94 /* TuneURL (SDK) */ = {
			isa = PBXNativeTarget;
			buildConfigurationList = EC244BA32702561E002D4D94 /* Build configuration list for PBXNativeTarget "TuneURL (SDK)" */;
			buildPhases = (
				EC244B932702561E002D4D94 /* Headers */,
				EC244B942702561E002D4D94 /* Sources */,
				EC244B952702561E002D4D94 /* Frameworks */,
				EC244B962702561E002D4D94 /* Resources */,
			);
			buildRules = (
			);
			dependencies = (
			);
			name = "TuneURL (SDK)";
			productName = "TuneURL (SDK)";
			productReference = EC244B982702561E002D4D94 /* TuneURL.framework */;
			productType = "com.apple.product-type.framework";
		};
		EC3FC8092729EFA500869D88 /* TuneURL (CLI) */ = {
			isa = PBXNativeTarget;
			buildConfigurationList = EC3FC80E2729EFA500869D88 /* Build configuration list for PBXNativeTarget "TuneURL (CLI)" */;
			buildPhases = (
				EC3FC8062729EFA500869D88 /* Sources */,
				EC3FC8072729EFA500869D88 /* Frameworks */,
				EC3FC8082729EFA500869D88 /* CopyFiles */,
			);
			buildRules = (
			);
			dependencies = (
			);
			name = "TuneURL (CLI)";
			productName = "TuneURL (CLI)";
			productReference = EC3FC80A2729EFA500869D88 /* TuneURL */;
			productType = "com.apple.product-type.tool";
		};
/* End PBXNativeTarget section */

/* Begin PBXProject section */
		60523632201FE51800B65A72 /* Project object */ = {
			isa = PBXProject;
			attributes = {
				LastSwiftUpdateCheck = 1310;
				LastUpgradeCheck = 1250;
				ORGANIZATIONNAME = "TuneURL Inc.";
				TargetAttributes = {
					60523639201FE51900B65A72 = {
						CreatedOnToolsVersion = 9.2;
						LastSwiftMigration = 1250;
						ProvisioningStyle = Automatic;
						SystemCapabilities = {
							com.apple.BackgroundModes = {
								enabled = 1;
							};
						};
					};
					6052364F201FE51900B65A72 = {
						CreatedOnToolsVersion = 9.2;
						LastSwiftMigration = 1000;
						ProvisioningStyle = Automatic;
						TestTargetID = 60523639201FE51900B65A72;
					};
					EC244B972702561E002D4D94 = {
						CreatedOnToolsVersion = 13.0;
					};
					EC3FC8092729EFA500869D88 = {
						CreatedOnToolsVersion = 13.1;
					};
				};
			};
			buildConfigurationList = 60523635201FE51800B65A72 /* Build configuration list for PBXProject "TuneURL" */;
			compatibilityVersion = "Xcode 12.0";
			developmentRegion = en;
			hasScannedForEncodings = 0;
			knownRegions = (
				en,
				Base,
			);
			mainGroup = 60523631201FE51800B65A72;
			packageReferences = (
			);
			productRefGroup = 6052363B201FE51900B65A72 /* Products */;
			projectDirPath = "";
			projectRoot = "";
			targets = (
				60523639201FE51900B65A72 /* TuneURL */,
				EC3FC8092729EFA500869D88 /* TuneURL (CLI) */,
				EC244B972702561E002D4D94 /* TuneURL (SDK) */,
				6052364F201FE51900B65A72 /* TuneURLTests */,
			);
		};
/* End PBXProject section */

/* Begin PBXResourcesBuildPhase section */
		60523638201FE51900B65A72 /* Resources */ = {
			isa = PBXResourcesBuildPhase;
			buildActionMask = 2147483647;
			files = (
				EC30069723317E8E0013B8F8 /* Trigger-Audio1.wav in Resources */,
				60523647201FE51900B65A72 /* Assets.xcassets in Resources */,
				810101DD2E40D7BC00166AEA /* Trigger-Audio.mp3 in Resources */,
				6052364A201FE51900B65A72 /* LaunchScreen.storyboard in Resources */,
				60523645201FE51900B65A72 /* Main.storyboard in Resources */,
			);
			runOnlyForDeploymentPostprocessing = 0;
		};
		6052364E201FE51900B65A72 /* Resources */ = {
			isa = PBXResourcesBuildPhase;
			buildActionMask = 2147483647;
			files = (
			);
			runOnlyForDeploymentPostprocessing = 0;
		};
		EC244B962702561E002D4D94 /* Resources */ = {
			isa = PBXResourcesBuildPhase;
			buildActionMask = 2147483647;
			files = (
			);
			runOnlyForDeploymentPostprocessing = 0;
		};
/* End PBXResourcesBuildPhase section */

/* Begin PBXShellScriptBuildPhase section */
		15DDF9EFD846B8237765A3BC /* [CP] Embed Pods Frameworks */ = {
			isa = PBXShellScriptBuildPhase;
			buildActionMask = 2147483647;
			files = (
			);
			inputFileListPaths = (
				"${PODS_ROOT}/Target Support Files/Pods-TuneURL/Pods-TuneURL-frameworks-${CONFIGURATION}-input-files.xcfilelist",
			);
			inputPaths = (
			);
			name = "[CP] Embed Pods Frameworks";
			outputFileListPaths = (
				"${PODS_ROOT}/Target Support Files/Pods-TuneURL/Pods-TuneURL-frameworks-${CONFIGURATION}-output-files.xcfilelist",
			);
			outputPaths = (
			);
			runOnlyForDeploymentPostprocessing = 0;
			shellPath = /bin/sh;
			shellScript = "\"${PODS_ROOT}/Target Support Files/Pods-TuneURL/Pods-TuneURL-frameworks.sh\"\n";
			showEnvVarsInLog = 0;
		};
		186E8413ADA85B0054EFCE84 /* [CP] Check Pods Manifest.lock */ = {
			isa = PBXShellScriptBuildPhase;
			buildActionMask = 2147483647;
			files = (
			);
			inputPaths = (
				"${PODS_PODFILE_DIR_PATH}/Podfile.lock",
				"${PODS_ROOT}/Manifest.lock",
			);
			name = "[CP] Check Pods Manifest.lock";
			outputPaths = (
				"$(DERIVED_FILE_DIR)/Pods-TuneURL-checkManifestLockResult.txt",
			);
			runOnlyForDeploymentPostprocessing = 0;
			shellPath = /bin/sh;
			shellScript = "diff \"${PODS_PODFILE_DIR_PATH}/Podfile.lock\" \"${PODS_ROOT}/Manifest.lock\" > /dev/null\nif [ $? != 0 ] ; then\n    # print error to STDERR\n    echo \"error: The sandbox is not in sync with the Podfile.lock. Run 'pod install' or update your CocoaPods installation.\" >&2\n    exit 1\nfi\n# This output is used by Xcode 'outputs' to avoid re-running this script phase.\necho \"SUCCESS\" > \"${SCRIPT_OUTPUT_FILE_0}\"\n";
			showEnvVarsInLog = 0;
		};
		ECBD100F2322F003005415EF /* Update Build Number */ = {
			isa = PBXShellScriptBuildPhase;
			buildActionMask = 2147483647;
			files = (
			);
			inputFileListPaths = (
			);
			inputPaths = (
			);
			name = "Update Build Number";
			outputFileListPaths = (
			);
			outputPaths = (
			);
			runOnlyForDeploymentPostprocessing = 0;
			shellPath = /bin/sh;
			shellScript = "sh \"UpdateBuildNumber.sh\"\n";
		};
/* End PBXShellScriptBuildPhase section */

/* Begin PBXSourcesBuildPhase section */
		60523636201FE51900B65A72 /* Sources */ = {
			isa = PBXSourcesBuildPhase;
			buildActionMask = 2147483647;
			files = (
				6052363E201FE51900B65A72 /* AppDelegate.swift in Sources */,
				ECB9166924F5D2170091C76B /* BasePageViewController.swift in Sources */,
				60D361E320CB40380079C14C /* EncodableExtension.swift in Sources */,
				6D9F1B12258188BC004C4E29 /* InterestViewController.swift in Sources */,
				ECB9166724F5CED10091C76B /* ListenViewController.swift in Sources */,
				EC4F01342337CF0600E6FB77 /* MatchedItem.swift in Sources */,
				EC4F01362337D03000E6FB77 /* MatchedItemCell.swift in Sources */,
				EC4F01322337CE4700E6FB77 /* MatchedItemCollection.swift in Sources */,
				600A6EB8205EB2B500F96F7A /* Notify.swift in Sources */,
				60D361E120CB31470079C14C /* PollData.swift in Sources */,
				60D361E720CDC17C0079C14C /* PollManager.swift in Sources */,
				60D361E920D164540079C14C /* PollViewController.swift in Sources */,
				EC2CA86F24F9537600443202 /* RecentItemCollectionLayout.swift in Sources */,
				4D4ED16C25719A0F00EDC277 /* ReportingData.swift in Sources */,
				4D4ED16E2573D59800EDC277 /* ReportingManager.swift in Sources */,
				ECB9164324F5C92C0091C76B /* SavedContentViewController.swift in Sources */,
				EC2CA86D24F93D8500443202 /* SavedItemCollectionLayout.swift in Sources */,
				EC2CA86B24F93B8700443202 /* UIViewExtensions.swift in Sources */,
				8101015F2E40CFC000166AEA /* AudioRecordingsView.swift in Sources */,
			);
			runOnlyForDeploymentPostprocessing = 0;
		};
		6052364C201FE51900B65A72 /* Sources */ = {
			isa = PBXSourcesBuildPhase;
			buildActionMask = 2147483647;
			files = (
				60523655201FE51900B65A72 /* TuneURLTests.swift in Sources */,
			);
			runOnlyForDeploymentPostprocessing = 0;
		};
		EC244B942702561E002D4D94 /* Sources */ = {
			isa = PBXSourcesBuildPhase;
			buildActionMask = 2147483647;
			files = (
				EC244BA527025743002D4D94 /* AudioBuffer.swift in Sources */,
				EC244BA627025747002D4D94 /* AudioCapture.swift in Sources */,
				EC244BA72702574C002D4D94 /* AudioMatcher.swift in Sources */,
				EC244BA42702573C002D4D94 /* AudioUtility.swift in Sources */,
				EC244BB627027BEB002D4D94 /* Debug.swift in Sources */,
				EC3FC8052729E42800869D88 /* Detector.swift in Sources */,
				EC244BB4270273AC002D4D94 /* Listener.swift in Sources */,
				81746B6D2E9E4C16006981AE /* StreamDetector.swift in Sources */,
				EC244BB22702736E002D4D94 /* Match.swift in Sources */,
				EC244BA9270258A2002D4D94 /* Server.swift in Sources */,
			);
			runOnlyForDeploymentPostprocessing = 0;
		};
		EC3FC8062729EFA500869D88 /* Sources */ = {
			isa = PBXSourcesBuildPhase;
			buildActionMask = 2147483647;
			files = (
				EC3FC80D2729EFA500869D88 /* main.swift in Sources */,
				EC3FC8112729F0A700869D88 /* AudioBuffer.swift in Sources */,
				EC3FC8142729F0AD00869D88 /* AudioUtility.swift in Sources */,
				EC3FC8152729F0AF00869D88 /* Debug.swift in Sources */,
				EC3FC8162729F0B000869D88 /* Detector.swift in Sources */,
				81746B6C2E9E4C16006981AE /* StreamDetector.swift in Sources */,
				EC3FC8182729F0B400869D88 /* Match.swift in Sources */,
				ECA8C139272D147000045723 /* Server.swift in Sources */,
			);
			runOnlyForDeploymentPostprocessing = 0;
		};
/* End PBXSourcesBuildPhase section */

/* Begin PBXTargetDependency section */
		60523652201FE51900B65A72 /* PBXTargetDependency */ = {
			isa = PBXTargetDependency;
			target = 60523639201FE51900B65A72 /* TuneURL */;
			targetProxy = 60523651201FE51900B65A72 /* PBXContainerItemProxy */;
		};
		EC244B9D2702561E002D4D94 /* PBXTargetDependency */ = {
			isa = PBXTargetDependency;
			target = EC244B972702561E002D4D94 /* TuneURL (SDK) */;
			targetProxy = EC244B9C2702561E002D4D94 /* PBXContainerItemProxy */;
		};
/* End PBXTargetDependency section */

/* Begin PBXVariantGroup section */
		60523643201FE51900B65A72 /* Main.storyboard */ = {
			isa = PBXVariantGroup;
			children = (
				60523644201FE51900B65A72 /* Base */,
			);
			name = Main.storyboard;
			sourceTree = "<group>";
		};
		60523648201FE51900B65A72 /* LaunchScreen.storyboard */ = {
			isa = PBXVariantGroup;
			children = (
				60523649201FE51900B65A72 /* Base */,
			);
			name = LaunchScreen.storyboard;
			sourceTree = "<group>";
		};
/* End PBXVariantGroup section */

/* Begin XCBuildConfiguration section */
		60523657201FE51900B65A72 /* Debug */ = {
			isa = XCBuildConfiguration;
			buildSettings = {
				ALWAYS_SEARCH_USER_PATHS = NO;
				CLANG_ANALYZER_NONNULL = YES;
				CLANG_ANALYZER_NUMBER_OBJECT_CONVERSION = YES_AGGRESSIVE;
				CLANG_CXX_LANGUAGE_STANDARD = "gnu++14";
				CLANG_CXX_LIBRARY = "libc++";
				CLANG_ENABLE_MODULES = YES;
				CLANG_ENABLE_OBJC_ARC = YES;
				CLANG_WARN_BLOCK_CAPTURE_AUTORELEASING = YES;
				CLANG_WARN_BOOL_CONVERSION = YES;
				CLANG_WARN_COMMA = YES;
				CLANG_WARN_CONSTANT_CONVERSION = YES;
				CLANG_WARN_DEPRECATED_OBJC_IMPLEMENTATIONS = YES;
				CLANG_WARN_DIRECT_OBJC_ISA_USAGE = YES_ERROR;
				CLANG_WARN_DOCUMENTATION_COMMENTS = YES;
				CLANG_WARN_EMPTY_BODY = YES;
				CLANG_WARN_ENUM_CONVERSION = YES;
				CLANG_WARN_INFINITE_RECURSION = YES;
				CLANG_WARN_INT_CONVERSION = YES;
				CLANG_WARN_NON_LITERAL_NULL_CONVERSION = YES;
				CLANG_WARN_OBJC_IMPLICIT_RETAIN_SELF = YES;
				CLANG_WARN_OBJC_LITERAL_CONVERSION = YES;
				CLANG_WARN_OBJC_ROOT_CLASS = YES_ERROR;
				CLANG_WARN_QUOTED_INCLUDE_IN_FRAMEWORK_HEADER = YES;
				CLANG_WARN_RANGE_LOOP_ANALYSIS = YES;
				CLANG_WARN_STRICT_PROTOTYPES = YES;
				CLANG_WARN_SUSPICIOUS_MOVE = YES;
				CLANG_WARN_UNGUARDED_AVAILABILITY = YES_AGGRESSIVE;
				CLANG_WARN_UNREACHABLE_CODE = YES;
				CLANG_WARN__DUPLICATE_METHOD_MATCH = YES;
				CODE_SIGN_IDENTITY = "iPhone Developer";
				COPY_PHASE_STRIP = NO;
				DEBUG_INFORMATION_FORMAT = dwarf;
				ENABLE_BITCODE = NO;
				ENABLE_STRICT_OBJC_MSGSEND = YES;
				ENABLE_TESTABILITY = YES;
				GCC_C_LANGUAGE_STANDARD = gnu11;
				GCC_DYNAMIC_NO_PIC = NO;
				GCC_NO_COMMON_BLOCKS = YES;
				GCC_OPTIMIZATION_LEVEL = 0;
				GCC_PREPROCESSOR_DEFINITIONS = (
					"DEBUG=1",
					"$(inherited)",
				);
				GCC_WARN_64_TO_32_BIT_CONVERSION = YES;
				GCC_WARN_ABOUT_RETURN_TYPE = YES_ERROR;
				GCC_WARN_UNDECLARED_SELECTOR = YES;
				GCC_WARN_UNINITIALIZED_AUTOS = YES_AGGRESSIVE;
				GCC_WARN_UNUSED_FUNCTION = YES;
				GCC_WARN_UNUSED_VARIABLE = YES;
				IPHONEOS_DEPLOYMENT_TARGET = 12.2;
				MARKETING_VERSION = 2.6;
				MTL_ENABLE_DEBUG_INFO = YES;
				ONLY_ACTIVE_ARCH = YES;
				SDKROOT = iphoneos;
				SWIFT_ACTIVE_COMPILATION_CONDITIONS = DEBUG;
				SWIFT_OPTIMIZATION_LEVEL = "-Onone";
				SWIFT_VERSION = 5.0;
				SYMROOT = Build;
			};
			name = Debug;
		};
		60523658201FE51900B65A72 /* Release */ = {
			isa = XCBuildConfiguration;
			buildSettings = {
				ALWAYS_SEARCH_USER_PATHS = NO;
				CLANG_ANALYZER_NONNULL = YES;
				CLANG_ANALYZER_NUMBER_OBJECT_CONVERSION = YES_AGGRESSIVE;
				CLANG_CXX_LANGUAGE_STANDARD = "gnu++14";
				CLANG_CXX_LIBRARY = "libc++";
				CLANG_ENABLE_MODULES = YES;
				CLANG_ENABLE_OBJC_ARC = YES;
				CLANG_WARN_BLOCK_CAPTURE_AUTORELEASING = YES;
				CLANG_WARN_BOOL_CONVERSION = YES;
				CLANG_WARN_COMMA = YES;
				CLANG_WARN_CONSTANT_CONVERSION = YES;
				CLANG_WARN_DEPRECATED_OBJC_IMPLEMENTATIONS = YES;
				CLANG_WARN_DIRECT_OBJC_ISA_USAGE = YES_ERROR;
				CLANG_WARN_DOCUMENTATION_COMMENTS = YES;
				CLANG_WARN_EMPTY_BODY = YES;
				CLANG_WARN_ENUM_CONVERSION = YES;
				CLANG_WARN_INFINITE_RECURSION = YES;
				CLANG_WARN_INT_CONVERSION = YES;
				CLANG_WARN_NON_LITERAL_NULL_CONVERSION = YES;
				CLANG_WARN_OBJC_IMPLICIT_RETAIN_SELF = YES;
				CLANG_WARN_OBJC_LITERAL_CONVERSION = YES;
				CLANG_WARN_OBJC_ROOT_CLASS = YES_ERROR;
				CLANG_WARN_QUOTED_INCLUDE_IN_FRAMEWORK_HEADER = YES;
				CLANG_WARN_RANGE_LOOP_ANALYSIS = YES;
				CLANG_WARN_STRICT_PROTOTYPES = YES;
				CLANG_WARN_SUSPICIOUS_MOVE = YES;
				CLANG_WARN_UNGUARDED_AVAILABILITY = YES_AGGRESSIVE;
				CLANG_WARN_UNREACHABLE_CODE = YES;
				CLANG_WARN__DUPLICATE_METHOD_MATCH = YES;
				CODE_SIGN_IDENTITY = "iPhone Developer";
				COPY_PHASE_STRIP = NO;
				DEBUG_INFORMATION_FORMAT = "dwarf-with-dsym";
				ENABLE_BITCODE = NO;
				ENABLE_NS_ASSERTIONS = NO;
				ENABLE_STRICT_OBJC_MSGSEND = YES;
				GCC_C_LANGUAGE_STANDARD = gnu11;
				GCC_NO_COMMON_BLOCKS = YES;
				GCC_WARN_64_TO_32_BIT_CONVERSION = YES;
				GCC_WARN_ABOUT_RETURN_TYPE = YES_ERROR;
				GCC_WARN_UNDECLARED_SELECTOR = YES;
				GCC_WARN_UNINITIALIZED_AUTOS = YES_AGGRESSIVE;
				GCC_WARN_UNUSED_FUNCTION = YES;
				GCC_WARN_UNUSED_VARIABLE = YES;
				IPHONEOS_DEPLOYMENT_TARGET = 12.2;
				MARKETING_VERSION = 2.6;
				MTL_ENABLE_DEBUG_INFO = NO;
				SDKROOT = iphoneos;
				SWIFT_COMPILATION_MODE = wholemodule;
				SWIFT_OPTIMIZATION_LEVEL = "-O";
				SWIFT_VERSION = 5.0;
				SYMROOT = Build;
				VALIDATE_PRODUCT = YES;
			};
			name = Release;
		};
		6052365A201FE51900B65A72 /* Debug */ = {
			isa = XCBuildConfiguration;
			baseConfigurationReference = BBCE85622A4AC53FBFA986B1 /* Pods-TuneURL.debug.xcconfig */;
			buildSettings = {
				ASSETCATALOG_COMPILER_APPICON_NAME = AppIcon;
				CLANG_ENABLE_MODULES = YES;
				CODE_SIGN_STYLE = Automatic;
				DEVELOPMENT_TEAM = 24F7LAMPJN;
				FRAMEWORK_SEARCH_PATHS = "$(inherited)";
				HEADER_SEARCH_PATHS = (
					"$(inherited)",
					"\"${PODS_CONFIGURATION_BUILD_DIR}/Alamofire/Alamofire.framework/Headers\"",
					"\"${PODS_CONFIGURATION_BUILD_DIR}/DMSwipeCards/DMSwipeCards.framework/Headers\"",
				);
				INFOPLIST_FILE = TuneURL/Info.plist;
				IPHONEOS_DEPLOYMENT_TARGET = 15.0;
				LD_RUNPATH_SEARCH_PATHS = (
					"$(inherited)",
					"@executable_path/Frameworks",
				);
				MARKETING_VERSION = 3.0;
				PRODUCT_BUNDLE_IDENTIFIER = com.TuneURL.iOS.alex;
				PRODUCT_MODULE_NAME = TuneURLApp;
				PRODUCT_NAME = "$(TARGET_NAME)";
				SWIFT_OPTIMIZATION_LEVEL = "-Onone";
				SWIFT_VERSION = 5.0;
				TARGETED_DEVICE_FAMILY = 1;
			};
			name = Debug;
		};
		6052365B201FE51900B65A72 /* Release */ = {
			isa = XCBuildConfiguration;
			baseConfigurationReference = BDE2CA3B2B257A37E40EE614 /* Pods-TuneURL.release.xcconfig */;
			buildSettings = {
				ASSETCATALOG_COMPILER_APPICON_NAME = AppIcon;
				CLANG_ENABLE_MODULES = YES;
				CODE_SIGN_STYLE = Automatic;
				DEVELOPMENT_TEAM = 24F7LAMPJN;
				FRAMEWORK_SEARCH_PATHS = "$(inherited)";
				HEADER_SEARCH_PATHS = (
					"$(inherited)",
					"\"${PODS_CONFIGURATION_BUILD_DIR}/Alamofire/Alamofire.framework/Headers\"",
					"\"${PODS_CONFIGURATION_BUILD_DIR}/DMSwipeCards/DMSwipeCards.framework/Headers\"",
				);
				INFOPLIST_FILE = TuneURL/Info.plist;
				IPHONEOS_DEPLOYMENT_TARGET = 15.0;
				LD_RUNPATH_SEARCH_PATHS = (
					"$(inherited)",
					"@executable_path/Frameworks",
				);
				MARKETING_VERSION = 3.0;
				PRODUCT_BUNDLE_IDENTIFIER = com.TuneURL.iOS.alex;
				PRODUCT_MODULE_NAME = TuneURLApp;
				PRODUCT_NAME = "$(TARGET_NAME)";
				SWIFT_VERSION = 5.0;
				TARGETED_DEVICE_FAMILY = 1;
			};
			name = Release;
		};
		6052365D201FE51900B65A72 /* Debug */ = {
			isa = XCBuildConfiguration;
			buildSettings = {
				ALWAYS_EMBED_SWIFT_STANDARD_LIBRARIES = YES;
				BUNDLE_LOADER = "$(TEST_HOST)";
				CODE_SIGN_STYLE = Automatic;
				DEVELOPMENT_TEAM = B74A3WDYVP;
				INFOPLIST_FILE = TuneURLTests/Info.plist;
				IPHONEOS_DEPLOYMENT_TARGET = 15.0;
				LD_RUNPATH_SEARCH_PATHS = (
					"$(inherited)",
					"@executable_path/Frameworks",
					"@loader_path/Frameworks",
				);
				PRODUCT_BUNDLE_IDENTIFIER = com.tuneurl.tests;
				PRODUCT_NAME = "$(TARGET_NAME)";
				TARGETED_DEVICE_FAMILY = "1,2";
				TEST_HOST = "$(BUILT_PRODUCTS_DIR)/TuneURL.app/TuneURL";
			};
			name = Debug;
		};
		6052365E201FE51900B65A72 /* Release */ = {
			isa = XCBuildConfiguration;
			buildSettings = {
				ALWAYS_EMBED_SWIFT_STANDARD_LIBRARIES = YES;
				BUNDLE_LOADER = "$(TEST_HOST)";
				CODE_SIGN_STYLE = Automatic;
				DEVELOPMENT_TEAM = B74A3WDYVP;
				INFOPLIST_FILE = TuneURLTests/Info.plist;
				IPHONEOS_DEPLOYMENT_TARGET = 15.0;
				LD_RUNPATH_SEARCH_PATHS = (
					"$(inherited)",
					"@executable_path/Frameworks",
					"@loader_path/Frameworks",
				);
				PRODUCT_BUNDLE_IDENTIFIER = com.tuneurl.tests;
				PRODUCT_NAME = "$(TARGET_NAME)";
				TARGETED_DEVICE_FAMILY = "1,2";
				TEST_HOST = "$(BUILT_PRODUCTS_DIR)/TuneURL.app/TuneURL";
			};
			name = Release;
		};
		EC244BA12702561E002D4D94 /* Debug */ = {
			isa = XCBuildConfiguration;
			buildSettings = {
				BUILD_LIBRARY_FOR_DISTRIBUTION = YES;
				CLANG_CXX_LANGUAGE_STANDARD = "gnu++17";
				CLANG_ENABLE_OBJC_WEAK = YES;
				CODE_SIGN_IDENTITY = "Apple Development";
				CODE_SIGN_STYLE = Automatic;
				CURRENT_PROJECT_VERSION = 6;
				DEAD_CODE_STRIPPING = NO;
				DEFINES_MODULE = YES;
				DEVELOPMENT_TEAM = "";
				DYLIB_COMPATIBILITY_VERSION = 1;
				DYLIB_CURRENT_VERSION = 1;
				DYLIB_INSTALL_NAME_BASE = "@rpath";
				ENABLE_BITCODE = YES;
				GENERATE_INFOPLIST_FILE = YES;
				HEADER_SEARCH_PATHS = (
					"$(inherited)",
					"${SRCROOT}/Fingerprint/Source",
				);
				INFOPLIST_KEY_NSHumanReadableCopyright = "Copyright © 2022 TuneURL Inc. All rights reserved.";
				INSTALL_PATH = "$(LOCAL_LIBRARY_DIR)/Frameworks";
				IPHONEOS_DEPLOYMENT_TARGET = 15.0;
				LD_RUNPATH_SEARCH_PATHS = (
					"$(inherited)",
					"@executable_path/Frameworks",
					"@loader_path/Frameworks",
				);
				MARKETING_VERSION = 1.1.1;
				MTL_ENABLE_DEBUG_INFO = INCLUDE_SOURCE;
				MTL_FAST_MATH = YES;
				PRODUCT_BUNDLE_IDENTIFIER = com.TuneURL.SDK.alex;
				PRODUCT_NAME = TuneURL;
				PROVISIONING_PROFILE_SPECIFIER = "";
				SKIP_INSTALL = YES;
				STRIP_STYLE = "non-global";
				SWIFT_EMIT_LOC_STRINGS = YES;
				SWIFT_INCLUDE_PATHS = Fingerprint/;
				SWIFT_VERSION = 5.0;
				TARGETED_DEVICE_FAMILY = "1,2";
				VERSIONING_SYSTEM = "apple-generic";
				VERSION_INFO_PREFIX = "";
			};
			name = Debug;
		};
		EC244BA22702561E002D4D94 /* Release */ = {
			isa = XCBuildConfiguration;
			buildSettings = {
				BUILD_LIBRARY_FOR_DISTRIBUTION = YES;
				CLANG_CXX_LANGUAGE_STANDARD = "gnu++17";
				CLANG_ENABLE_OBJC_WEAK = YES;
				CODE_SIGN_IDENTITY = "Apple Development";
				CODE_SIGN_STYLE = Automatic;
				CURRENT_PROJECT_VERSION = 6;
				DEAD_CODE_STRIPPING = NO;
				DEFINES_MODULE = YES;
				DEVELOPMENT_TEAM = "";
				DYLIB_COMPATIBILITY_VERSION = 1;
				DYLIB_CURRENT_VERSION = 1;
				DYLIB_INSTALL_NAME_BASE = "@rpath";
				ENABLE_BITCODE = YES;
				GENERATE_INFOPLIST_FILE = YES;
				HEADER_SEARCH_PATHS = (
					"$(inherited)",
					"${SRCROOT}/Fingerprint/Source",
				);
				INFOPLIST_KEY_NSHumanReadableCopyright = "Copyright © 2022 TuneURL Inc. All rights reserved.";
				INSTALL_PATH = "$(LOCAL_LIBRARY_DIR)/Frameworks";
				IPHONEOS_DEPLOYMENT_TARGET = 15.0;
				LD_RUNPATH_SEARCH_PATHS = (
					"$(inherited)",
					"@executable_path/Frameworks",
					"@loader_path/Frameworks",
				);
				MARKETING_VERSION = 1.1.1;
				MTL_FAST_MATH = YES;
				PRODUCT_BUNDLE_IDENTIFIER = com.TuneURL.SDK.alex;
				PRODUCT_NAME = TuneURL;
				PROVISIONING_PROFILE_SPECIFIER = "";
				SKIP_INSTALL = NO;
				STRIP_STYLE = "non-global";
				SWIFT_EMIT_LOC_STRINGS = YES;
				SWIFT_INCLUDE_PATHS = Fingerprint/;
				SWIFT_VERSION = 5.0;
				TARGETED_DEVICE_FAMILY = "1,2";
				VERSIONING_SYSTEM = "apple-generic";
				VERSION_INFO_PREFIX = "";
			};
			name = Release;
		};
		EC3FC80F2729EFA500869D88 /* Debug */ = {
			isa = XCBuildConfiguration;
			buildSettings = {
				CLANG_CXX_LANGUAGE_STANDARD = "gnu++17";
				CLANG_ENABLE_OBJC_WEAK = YES;
				CODE_SIGN_STYLE = Automatic;
				DEVELOPMENT_TEAM = A63XWBVGEW;
				ENABLE_HARDENED_RUNTIME = YES;
				MACOSX_DEPLOYMENT_TARGET = 10.15;
				PRODUCT_NAME = TuneURL;
				SDKROOT = macosx;
				SWIFT_INCLUDE_PATHS = Fingerprint/;
				SWIFT_VERSION = 5.0;
			};
			name = Debug;
		};
		EC3FC8102729EFA500869D88 /* Release */ = {
			isa = XCBuildConfiguration;
			buildSettings = {
				CLANG_CXX_LANGUAGE_STANDARD = "gnu++17";
				CLANG_ENABLE_OBJC_WEAK = YES;
				CODE_SIGN_STYLE = Automatic;
				DEVELOPMENT_TEAM = A63XWBVGEW;
				ENABLE_HARDENED_RUNTIME = YES;
				MACOSX_DEPLOYMENT_TARGET = 10.15;
				PRODUCT_NAME = TuneURL;
				SDKROOT = macosx;
				SWIFT_INCLUDE_PATHS = Fingerprint/;
				SWIFT_VERSION = 5.0;
			};
			name = Release;
		};
/* End XCBuildConfiguration section */

/* Begin XCConfigurationList section */
		60523635201FE51800B65A72 /* Build configuration list for PBXProject "TuneURL" */ = {
			isa = XCConfigurationList;
			buildConfigurations = (
				60523657201FE51900B65A72 /* Debug */,
				60523658201FE51900B65A72 /* Release */,
			);
			defaultConfigurationIsVisible = 0;
			defaultConfigurationName = Release;
		};
		60523659201FE51900B65A72 /* Build configuration list for PBXNativeTarget "TuneURL" */ = {
			isa = XCConfigurationList;
			buildConfigurations = (
				6052365A201FE51900B65A72 /* Debug */,
				6052365B201FE51900B65A72 /* Release */,
			);
			defaultConfigurationIsVisible = 0;
			defaultConfigurationName = Release;
		};
		6052365C201FE51900B65A72 /* Build configuration list for PBXNativeTarget "TuneURLTests" */ = {
			isa = XCConfigurationList;
			buildConfigurations = (
				6052365D201FE51900B65A72 /* Debug */,
				6052365E201FE51900B65A72 /* Release */,
			);
			defaultConfigurationIsVisible = 0;
			defaultConfigurationName = Release;
		};
		EC244BA32702561E002D4D94 /* Build configuration list for PBXNativeTarget "TuneURL (SDK)" */ = {
			isa = XCConfigurationList;
			buildConfigurations = (
				EC244BA12702561E002D4D94 /* Debug */,
				EC244BA22702561E002D4D94 /* Release */,
			);
			defaultConfigurationIsVisible = 0;
			defaultConfigurationName = Release;
		};
		EC3FC80E2729EFA500869D88 /* Build configuration list for PBXNativeTarget "TuneURL (CLI)" */ = {
			isa = XCConfigurationList;
			buildConfigurations = (
				EC3FC80F2729EFA500869D88 /* Debug */,
				EC3FC8102729EFA500869D88 /* Release */,
			);
			defaultConfigurationIsVisible = 0;
			defaultConfigurationName = Release;
		};
/* End XCConfigurationList section */
	};
	rootObject = 60523632201FE51800B65A72 /* Project object */;
}
