// !$*UTF8*$!
{
	archiveVersion = 1;
	classes = {
	};
	objectVersion = 48;
	objects = {

/* Begin PBXBuildFile section */
		600A6EB8205EB2B500F96F7A /* Notify.swift in Sources */ = {isa = PBXBuildFile; fileRef = 600A6EB7205EB2B500F96F7A /* Notify.swift */; };
		600A6EBA205EB41A00F96F7A /* SamplesClient.swift in Sources */ = {isa = PBXBuildFile; fileRef = 600A6EB9205EB41A00F96F7A /* SamplesClient.swift */; };
		600A6EBC205EBDE000F96F7A /* AudioSampler.swift in Sources */ = {isa = PBXBuildFile; fileRef = 600A6EBB205EBDE000F96F7A /* AudioSampler.swift */; };
		600A6EBE205EBEC500F96F7A /* AudioMatcher.swift in Sources */ = {isa = PBXBuildFile; fileRef = 600A6EBD205EBEC500F96F7A /* AudioMatcher.swift */; };
		601E0C1420FF81A200AD535E /* BoolExtension.swift in Sources */ = {isa = PBXBuildFile; fileRef = 601E0C1320FF81A200AD535E /* BoolExtension.swift */; };
		6024B74120606C8D0005A984 /* SampleData.swift in Sources */ = {isa = PBXBuildFile; fileRef = 6024B74020606C8D0005A984 /* SampleData.swift */; };
		603D9EE1206170130014824E /* SampleDetailsViewController.swift in Sources */ = {isa = PBXBuildFile; fileRef = 603D9EE0206170130014824E /* SampleDetailsViewController.swift */; };
		6052363E201FE51900B65A72 /* AppDelegate.swift in Sources */ = {isa = PBXBuildFile; fileRef = 6052363D201FE51900B65A72 /* AppDelegate.swift */; };
		60523640201FE51900B65A72 /* MainViewController.swift in Sources */ = {isa = PBXBuildFile; fileRef = 6052363F201FE51900B65A72 /* MainViewController.swift */; };
		60523645201FE51900B65A72 /* Main.storyboard in Resources */ = {isa = PBXBuildFile; fileRef = 60523643201FE51900B65A72 /* Main.storyboard */; };
		60523647201FE51900B65A72 /* Assets.xcassets in Resources */ = {isa = PBXBuildFile; fileRef = 60523646201FE51900B65A72 /* Assets.xcassets */; };
		6052364A201FE51900B65A72 /* LaunchScreen.storyboard in Resources */ = {isa = PBXBuildFile; fileRef = 60523648201FE51900B65A72 /* LaunchScreen.storyboard */; };
		60523655201FE51900B65A72 /* AudioTriggerPOCTests.swift in Sources */ = {isa = PBXBuildFile; fileRef = 60523654201FE51900B65A72 /* AudioTriggerPOCTests.swift */; };
		6052366F20200BEE00B65A72 /* combined.runacr in Resources */ = {isa = PBXBuildFile; fileRef = 6052366E20200BEE00B65A72 /* combined.runacr */; };
		6059B0B4205F018B00E4386A /* up.mp3 in Resources */ = {isa = PBXBuildFile; fileRef = 6059B0B3205F018B00E4386A /* up.mp3 */; };
		6097122820F65883006E68DF /* HomeViewController.swift in Sources */ = {isa = PBXBuildFile; fileRef = 6097122720F65883006E68DF /* HomeViewController.swift */; };
		60AB312420EAC64100AF494D /* RunACRSDK.framework in Frameworks */ = {isa = PBXBuildFile; fileRef = 60523668202001A300B65A72 /* RunACRSDK.framework */; };
		60AB312620EAC65300AF494D /* RunACRSDK.framework in Embed Frameworks */ = {isa = PBXBuildFile; fileRef = 60523668202001A300B65A72 /* RunACRSDK.framework */; settings = {ATTRIBUTES = (CodeSignOnCopy, RemoveHeadersOnCopy, ); }; };
		60D361E120CB31470079C14C /* PollClient.swift in Sources */ = {isa = PBXBuildFile; fileRef = 60D361E020CB31470079C14C /* PollClient.swift */; };
		60D361E320CB40380079C14C /* EncodableExtension.swift in Sources */ = {isa = PBXBuildFile; fileRef = 60D361E220CB40380079C14C /* EncodableExtension.swift */; };
		60D361E520CBA7410079C14C /* SwipeActionViewController.swift in Sources */ = {isa = PBXBuildFile; fileRef = 60D361E420CBA7410079C14C /* SwipeActionViewController.swift */; };
		60D361E720CDC17C0079C14C /* VoteManager.swift in Sources */ = {isa = PBXBuildFile; fileRef = 60D361E620CDC17C0079C14C /* VoteManager.swift */; };
		60D361E920D164540079C14C /* SwipeCardActionViewController.swift in Sources */ = {isa = PBXBuildFile; fileRef = 60D361E820D164540079C14C /* SwipeCardActionViewController.swift */; };
		DCC3A21648720C0E8D25B72B /* Pods_AudioTriggerPOC.framework in Frameworks */ = {isa = PBXBuildFile; fileRef = D2B422BDFF2F9DB84C9FB29E /* Pods_AudioTriggerPOC.framework */; };
/* End PBXBuildFile section */

/* Begin PBXContainerItemProxy section */
		60523651201FE51900B65A72 /* PBXContainerItemProxy */ = {
			isa = PBXContainerItemProxy;
			containerPortal = 60523632201FE51800B65A72 /* Project object */;
			proxyType = 1;
			remoteGlobalIDString = 60523639201FE51900B65A72;
			remoteInfo = AudioTriggerPOC;
		};
/* End PBXContainerItemProxy section */

/* Begin PBXCopyFilesBuildPhase section */
		60AB312720EAC65400AF494D /* Embed Frameworks */ = {
			isa = PBXCopyFilesBuildPhase;
			buildActionMask = 2147483647;
			dstPath = "";
			dstSubfolderSpec = 10;
			files = (
				60AB312620EAC65300AF494D /* RunACRSDK.framework in Embed Frameworks */,
			);
			name = "Embed Frameworks";
			runOnlyForDeploymentPostprocessing = 0;
		};
/* End PBXCopyFilesBuildPhase section */

/* Begin PBXFileReference section */
		600A6EB7205EB2B500F96F7A /* Notify.swift */ = {isa = PBXFileReference; lastKnownFileType = sourcecode.swift; path = Notify.swift; sourceTree = "<group>"; };
		600A6EB9205EB41A00F96F7A /* SamplesClient.swift */ = {isa = PBXFileReference; lastKnownFileType = sourcecode.swift; path = SamplesClient.swift; sourceTree = "<group>"; };
		600A6EBB205EBDE000F96F7A /* AudioSampler.swift */ = {isa = PBXFileReference; lastKnownFileType = sourcecode.swift; path = AudioSampler.swift; sourceTree = "<group>"; };
		600A6EBD205EBEC500F96F7A /* AudioMatcher.swift */ = {isa = PBXFileReference; lastKnownFileType = sourcecode.swift; path = AudioMatcher.swift; sourceTree = "<group>"; };
		601E0C1320FF81A200AD535E /* BoolExtension.swift */ = {isa = PBXFileReference; lastKnownFileType = sourcecode.swift; path = BoolExtension.swift; sourceTree = "<group>"; };
		6024B74020606C8D0005A984 /* SampleData.swift */ = {isa = PBXFileReference; lastKnownFileType = sourcecode.swift; path = SampleData.swift; sourceTree = "<group>"; };
		603D9EE0206170130014824E /* SampleDetailsViewController.swift */ = {isa = PBXFileReference; lastKnownFileType = sourcecode.swift; path = SampleDetailsViewController.swift; sourceTree = "<group>"; };
		6052363A201FE51900B65A72 /* AudioTriggerPOC.app */ = {isa = PBXFileReference; explicitFileType = wrapper.application; includeInIndex = 0; path = AudioTriggerPOC.app; sourceTree = BUILT_PRODUCTS_DIR; };
		6052363D201FE51900B65A72 /* AppDelegate.swift */ = {isa = PBXFileReference; lastKnownFileType = sourcecode.swift; path = AppDelegate.swift; sourceTree = "<group>"; };
		6052363F201FE51900B65A72 /* MainViewController.swift */ = {isa = PBXFileReference; lastKnownFileType = sourcecode.swift; path = MainViewController.swift; sourceTree = "<group>"; };
		60523644201FE51900B65A72 /* Base */ = {isa = PBXFileReference; lastKnownFileType = file.storyboard; name = Base; path = Base.lproj/Main.storyboard; sourceTree = "<group>"; };
		60523646201FE51900B65A72 /* Assets.xcassets */ = {isa = PBXFileReference; lastKnownFileType = folder.assetcatalog; path = Assets.xcassets; sourceTree = "<group>"; };
		60523649201FE51900B65A72 /* Base */ = {isa = PBXFileReference; lastKnownFileType = file.storyboard; name = Base; path = Base.lproj/LaunchScreen.storyboard; sourceTree = "<group>"; };
		6052364B201FE51900B65A72 /* Info.plist */ = {isa = PBXFileReference; lastKnownFileType = text.plist.xml; path = Info.plist; sourceTree = "<group>"; };
		60523650201FE51900B65A72 /* AudioTriggerPOCTests.xctest */ = {isa = PBXFileReference; explicitFileType = wrapper.cfbundle; includeInIndex = 0; path = AudioTriggerPOCTests.xctest; sourceTree = BUILT_PRODUCTS_DIR; };
		60523654201FE51900B65A72 /* AudioTriggerPOCTests.swift */ = {isa = PBXFileReference; lastKnownFileType = sourcecode.swift; path = AudioTriggerPOCTests.swift; sourceTree = "<group>"; };
		60523656201FE51900B65A72 /* Info.plist */ = {isa = PBXFileReference; lastKnownFileType = text.plist.xml; path = Info.plist; sourceTree = "<group>"; };
		60523664201FFE9A00B65A72 /* AudioTriggerPOC-Bridging-Header.h */ = {isa = PBXFileReference; lastKnownFileType = sourcecode.c.h; path = "AudioTriggerPOC-Bridging-Header.h"; sourceTree = "<group>"; };
		60523668202001A300B65A72 /* RunACRSDK.framework */ = {isa = PBXFileReference; lastKnownFileType = wrapper.framework; name = RunACRSDK.framework; path = SDK/RunACRSDK.framework; sourceTree = "<group>"; };
		6052366E20200BEE00B65A72 /* combined.runacr */ = {isa = PBXFileReference; lastKnownFileType = file; name = combined.runacr; path = SDK/combined.runacr; sourceTree = SOURCE_ROOT; };
		6059B0B3205F018B00E4386A /* up.mp3 */ = {isa = PBXFileReference; lastKnownFileType = audio.mp3; name = up.mp3; path = ../../_test_files/up.mp3; sourceTree = "<group>"; };
		6097122720F65883006E68DF /* HomeViewController.swift */ = {isa = PBXFileReference; lastKnownFileType = sourcecode.swift; path = HomeViewController.swift; sourceTree = "<group>"; };
		60D361E020CB31470079C14C /* PollClient.swift */ = {isa = PBXFileReference; lastKnownFileType = sourcecode.swift; path = PollClient.swift; sourceTree = "<group>"; };
		60D361E220CB40380079C14C /* EncodableExtension.swift */ = {isa = PBXFileReference; lastKnownFileType = sourcecode.swift; path = EncodableExtension.swift; sourceTree = "<group>"; };
		60D361E420CBA7410079C14C /* SwipeActionViewController.swift */ = {isa = PBXFileReference; lastKnownFileType = sourcecode.swift; path = SwipeActionViewController.swift; sourceTree = "<group>"; };
		60D361E620CDC17C0079C14C /* VoteManager.swift */ = {isa = PBXFileReference; lastKnownFileType = sourcecode.swift; path = VoteManager.swift; sourceTree = "<group>"; };
		60D361E820D164540079C14C /* SwipeCardActionViewController.swift */ = {isa = PBXFileReference; lastKnownFileType = sourcecode.swift; path = SwipeCardActionViewController.swift; sourceTree = "<group>"; };
		BBCE85622A4AC53FBFA986B1 /* Pods-AudioTriggerPOC.debug.xcconfig */ = {isa = PBXFileReference; includeInIndex = 1; lastKnownFileType = text.xcconfig; name = "Pods-AudioTriggerPOC.debug.xcconfig"; path = "Pods/Target Support Files/Pods-AudioTriggerPOC/Pods-AudioTriggerPOC.debug.xcconfig"; sourceTree = "<group>"; };
		BDE2CA3B2B257A37E40EE614 /* Pods-AudioTriggerPOC.release.xcconfig */ = {isa = PBXFileReference; includeInIndex = 1; lastKnownFileType = text.xcconfig; name = "Pods-AudioTriggerPOC.release.xcconfig"; path = "Pods/Target Support Files/Pods-AudioTriggerPOC/Pods-AudioTriggerPOC.release.xcconfig"; sourceTree = "<group>"; };
		D2B422BDFF2F9DB84C9FB29E /* Pods_AudioTriggerPOC.framework */ = {isa = PBXFileReference; explicitFileType = wrapper.framework; includeInIndex = 0; path = Pods_AudioTriggerPOC.framework; sourceTree = BUILT_PRODUCTS_DIR; };
/* End PBXFileReference section */

/* Begin PBXFrameworksBuildPhase section */
		60523637201FE51900B65A72 /* Frameworks */ = {
			isa = PBXFrameworksBuildPhase;
			buildActionMask = 2147483647;
			files = (
				60AB312420EAC64100AF494D /* RunACRSDK.framework in Frameworks */,
				DCC3A21648720C0E8D25B72B /* Pods_AudioTriggerPOC.framework in Frameworks */,
			);
			runOnlyForDeploymentPostprocessing = 0;
		};
		6052364D201FE51900B65A72 /* Frameworks */ = {
			isa = PBXFrameworksBuildPhase;
			buildActionMask = 2147483647;
			files = (
			);
			runOnlyForDeploymentPostprocessing = 0;
		};
/* End PBXFrameworksBuildPhase section */

/* Begin PBXGroup section */
		60523631201FE51800B65A72 = {
			isa = PBXGroup;
			children = (
				6052363C201FE51900B65A72 /* AudioTriggerPOC */,
				60523653201FE51900B65A72 /* AudioTriggerPOCTests */,
				6052363B201FE51900B65A72 /* Products */,
				DB97329E3D2244005E84C3E0 /* Pods */,
				706DE416CDBE83EE3CBC91AD /* Frameworks */,
			);
			sourceTree = "<group>";
		};
		6052363B201FE51900B65A72 /* Products */ = {
			isa = PBXGroup;
			children = (
				6052363A201FE51900B65A72 /* AudioTriggerPOC.app */,
				60523650201FE51900B65A72 /* AudioTriggerPOCTests.xctest */,
			);
			name = Products;
			sourceTree = "<group>";
		};
		6052363C201FE51900B65A72 /* AudioTriggerPOC */ = {
			isa = PBXGroup;
			children = (
				6059B0B3205F018B00E4386A /* up.mp3 */,
				6052366E20200BEE00B65A72 /* combined.runacr */,
				6052363D201FE51900B65A72 /* AppDelegate.swift */,
				6052363F201FE51900B65A72 /* MainViewController.swift */,
				60523643201FE51900B65A72 /* Main.storyboard */,
				60523646201FE51900B65A72 /* Assets.xcassets */,
				60523648201FE51900B65A72 /* LaunchScreen.storyboard */,
				6052364B201FE51900B65A72 /* Info.plist */,
				60523664201FFE9A00B65A72 /* AudioTriggerPOC-Bridging-Header.h */,
				600A6EB7205EB2B500F96F7A /* Notify.swift */,
				600A6EB9205EB41A00F96F7A /* SamplesClient.swift */,
				600A6EBB205EBDE000F96F7A /* AudioSampler.swift */,
				600A6EBD205EBEC500F96F7A /* AudioMatcher.swift */,
				6024B74020606C8D0005A984 /* SampleData.swift */,
				603D9EE0206170130014824E /* SampleDetailsViewController.swift */,
				60D361E020CB31470079C14C /* PollClient.swift */,
				60D361E220CB40380079C14C /* EncodableExtension.swift */,
				60D361E420CBA7410079C14C /* SwipeActionViewController.swift */,
				60D361E620CDC17C0079C14C /* VoteManager.swift */,
				60D361E820D164540079C14C /* SwipeCardActionViewController.swift */,
				6097122720F65883006E68DF /* HomeViewController.swift */,
				601E0C1320FF81A200AD535E /* BoolExtension.swift */,
			);
			path = AudioTriggerPOC;
			sourceTree = "<group>";
		};
		60523653201FE51900B65A72 /* AudioTriggerPOCTests */ = {
			isa = PBXGroup;
			children = (
				60523654201FE51900B65A72 /* AudioTriggerPOCTests.swift */,
				60523656201FE51900B65A72 /* Info.plist */,
			);
			path = AudioTriggerPOCTests;
			sourceTree = "<group>";
		};
		706DE416CDBE83EE3CBC91AD /* Frameworks */ = {
			isa = PBXGroup;
			children = (
				60523668202001A300B65A72 /* RunACRSDK.framework */,
				D2B422BDFF2F9DB84C9FB29E /* Pods_AudioTriggerPOC.framework */,
			);
			name = Frameworks;
			sourceTree = "<group>";
		};
		DB97329E3D2244005E84C3E0 /* Pods */ = {
			isa = PBXGroup;
			children = (
				BBCE85622A4AC53FBFA986B1 /* Pods-AudioTriggerPOC.debug.xcconfig */,
				BDE2CA3B2B257A37E40EE614 /* Pods-AudioTriggerPOC.release.xcconfig */,
			);
			name = Pods;
			sourceTree = "<group>";
		};
/* End PBXGroup section */

/* Begin PBXNativeTarget section */
		60523639201FE51900B65A72 /* AudioTriggerPOC */ = {
			isa = PBXNativeTarget;
			buildConfigurationList = 60523659201FE51900B65A72 /* Build configuration list for PBXNativeTarget "AudioTriggerPOC" */;
			buildPhases = (
				186E8413ADA85B0054EFCE84 /* [CP] Check Pods Manifest.lock */,
				60523636201FE51900B65A72 /* Sources */,
				60523637201FE51900B65A72 /* Frameworks */,
				60523638201FE51900B65A72 /* Resources */,
				15DDF9EFD846B8237765A3BC /* [CP] Embed Pods Frameworks */,
				60AB312720EAC65400AF494D /* Embed Frameworks */,
				6035D1EF20E28EAC00E85117 /* Clean archs for Release */,
			);
			buildRules = (
			);
			dependencies = (
			);
			name = AudioTriggerPOC;
			productName = AudioTriggerPOC;
			productReference = 6052363A201FE51900B65A72 /* AudioTriggerPOC.app */;
			productType = "com.apple.product-type.application";
		};
		6052364F201FE51900B65A72 /* AudioTriggerPOCTests */ = {
			isa = PBXNativeTarget;
			buildConfigurationList = 6052365C201FE51900B65A72 /* Build configuration list for PBXNativeTarget "AudioTriggerPOCTests" */;
			buildPhases = (
				6052364C201FE51900B65A72 /* Sources */,
				6052364D201FE51900B65A72 /* Frameworks */,
				6052364E201FE51900B65A72 /* Resources */,
			);
			buildRules = (
			);
			dependencies = (
				60523652201FE51900B65A72 /* PBXTargetDependency */,
			);
			name = AudioTriggerPOCTests;
			productName = AudioTriggerPOCTests;
			productReference = 60523650201FE51900B65A72 /* AudioTriggerPOCTests.xctest */;
			productType = "com.apple.product-type.bundle.unit-test";
		};
/* End PBXNativeTarget section */

/* Begin PBXProject section */
		60523632201FE51800B65A72 /* Project object */ = {
			isa = PBXProject;
			attributes = {
				LastSwiftUpdateCheck = 0920;
				LastUpgradeCheck = 0920;
				ORGANIZATIONNAME = "Aleksandar Mihailovski";
				TargetAttributes = {
					60523639201FE51900B65A72 = {
						CreatedOnToolsVersion = 9.2;
						LastSwiftMigration = 0920;
						ProvisioningStyle = Automatic;
						SystemCapabilities = {
							com.apple.BackgroundModes = {
								enabled = 1;
							};
						};
					};
					6052364F201FE51900B65A72 = {
						CreatedOnToolsVersion = 9.2;
						ProvisioningStyle = Automatic;
						TestTargetID = 60523639201FE51900B65A72;
					};
				};
			};
			buildConfigurationList = 60523635201FE51800B65A72 /* Build configuration list for PBXProject "AudioTriggerPOC" */;
			compatibilityVersion = "Xcode 8.0";
			developmentRegion = en;
			hasScannedForEncodings = 0;
			knownRegions = (
				en,
				Base,
			);
			mainGroup = 60523631201FE51800B65A72;
			productRefGroup = 6052363B201FE51900B65A72 /* Products */;
			projectDirPath = "";
			projectRoot = "";
			targets = (
				60523639201FE51900B65A72 /* AudioTriggerPOC */,
				6052364F201FE51900B65A72 /* AudioTriggerPOCTests */,
			);
		};
/* End PBXProject section */

/* Begin PBXResourcesBuildPhase section */
		60523638201FE51900B65A72 /* Resources */ = {
			isa = PBXResourcesBuildPhase;
			buildActionMask = 2147483647;
			files = (
				6052364A201FE51900B65A72 /* LaunchScreen.storyboard in Resources */,
				6052366F20200BEE00B65A72 /* combined.runacr in Resources */,
				6059B0B4205F018B00E4386A /* up.mp3 in Resources */,
				60523647201FE51900B65A72 /* Assets.xcassets in Resources */,
				60523645201FE51900B65A72 /* Main.storyboard in Resources */,
			);
			runOnlyForDeploymentPostprocessing = 0;
		};
		6052364E201FE51900B65A72 /* Resources */ = {
			isa = PBXResourcesBuildPhase;
			buildActionMask = 2147483647;
			files = (
			);
			runOnlyForDeploymentPostprocessing = 0;
		};
/* End PBXResourcesBuildPhase section */

/* Begin PBXShellScriptBuildPhase section */
		15DDF9EFD846B8237765A3BC /* [CP] Embed Pods Frameworks */ = {
			isa = PBXShellScriptBuildPhase;
			buildActionMask = 2147483647;
			files = (
			);
			inputPaths = (
				"${SRCROOT}/Pods/Target Support Files/Pods-AudioTriggerPOC/Pods-AudioTriggerPOC-frameworks.sh",
				"${BUILT_PRODUCTS_DIR}/Alamofire/Alamofire.framework",
				"${BUILT_PRODUCTS_DIR}/DMSwipeCards/DMSwipeCards.framework",
			);
			name = "[CP] Embed Pods Frameworks";
			outputPaths = (
				"${TARGET_BUILD_DIR}/${FRAMEWORKS_FOLDER_PATH}/Alamofire.framework",
				"${TARGET_BUILD_DIR}/${FRAMEWORKS_FOLDER_PATH}/DMSwipeCards.framework",
			);
			runOnlyForDeploymentPostprocessing = 0;
			shellPath = /bin/sh;
			shellScript = "\"${SRCROOT}/Pods/Target Support Files/Pods-AudioTriggerPOC/Pods-AudioTriggerPOC-frameworks.sh\"\n";
			showEnvVarsInLog = 0;
		};
		186E8413ADA85B0054EFCE84 /* [CP] Check Pods Manifest.lock */ = {
			isa = PBXShellScriptBuildPhase;
			buildActionMask = 2147483647;
			files = (
			);
			inputPaths = (
				"${PODS_PODFILE_DIR_PATH}/Podfile.lock",
				"${PODS_ROOT}/Manifest.lock",
			);
			name = "[CP] Check Pods Manifest.lock";
			outputPaths = (
				"$(DERIVED_FILE_DIR)/Pods-AudioTriggerPOC-checkManifestLockResult.txt",
			);
			runOnlyForDeploymentPostprocessing = 0;
			shellPath = /bin/sh;
			shellScript = "diff \"${PODS_PODFILE_DIR_PATH}/Podfile.lock\" \"${PODS_ROOT}/Manifest.lock\" > /dev/null\nif [ $? != 0 ] ; then\n    # print error to STDERR\n    echo \"error: The sandbox is not in sync with the Podfile.lock. Run 'pod install' or update your CocoaPods installation.\" >&2\n    exit 1\nfi\n# This output is used by Xcode 'outputs' to avoid re-running this script phase.\necho \"SUCCESS\" > \"${SCRIPT_OUTPUT_FILE_0}\"\n";
			showEnvVarsInLog = 0;
		};
		6035D1EF20E28EAC00E85117 /* Clean archs for Release */ = {
			isa = PBXShellScriptBuildPhase;
			buildActionMask = 2147483647;
			files = (
			);
			inputPaths = (
			);
			name = "Clean archs for Release";
			outputPaths = (
			);
			runOnlyForDeploymentPostprocessing = 0;
			shellPath = /bin/sh;
			shellScript = "APP_PATH=\"${TARGET_BUILD_DIR}/${WRAPPER_NAME}\"\n\n# This script loops through the frameworks embedded in the application and\n# removes unused architectures.\n# Should be renamed to CommonLibrary.framework for distribution\nLIB_NAME='DUMMY'\nif [ \"${CONFIGURATION}\" = \"Release\" ]; then\n    LIB_NAME='RunACRSDK.framework'\nfi\n\nfind \"$APP_PATH\" -name \"$LIB_NAME\" -type d | while read -r FRAMEWORK\ndo\nFRAMEWORK_EXECUTABLE_NAME=$(defaults read \"$FRAMEWORK/Info.plist\" CFBundleExecutable)\nFRAMEWORK_EXECUTABLE_PATH=\"$FRAMEWORK/$FRAMEWORK_EXECUTABLE_NAME\"\necho \"Executable is $FRAMEWORK_EXECUTABLE_PATH\"\n\nEXTRACTED_ARCHS=()\n\nfor ARCH in $ARCHS\ndo\necho \"Extracting $ARCH from $FRAMEWORK_EXECUTABLE_NAME\"\nlipo -extract \"$ARCH\" \"$FRAMEWORK_EXECUTABLE_PATH\" -o \"$FRAMEWORK_EXECUTABLE_PATH-$ARCH\"\nEXTRACTED_ARCHS+=(\"$FRAMEWORK_EXECUTABLE_PATH-$ARCH\")\ndone\n\necho \"Merging extracted architectures: ${ARCHS}\"\nlipo -o \"$FRAMEWORK_EXECUTABLE_PATH-merged\" -create \"${EXTRACTED_ARCHS[@]}\"\nrm \"${EXTRACTED_ARCHS[@]}\"\n\necho \"Replacing original executable with thinned version\"\nrm \"$FRAMEWORK_EXECUTABLE_PATH\"\nmv \"$FRAMEWORK_EXECUTABLE_PATH-merged\" \"$FRAMEWORK_EXECUTABLE_PATH\"\n\ndone";
		};
/* End PBXShellScriptBuildPhase section */

/* Begin PBXSourcesBuildPhase section */
		60523636201FE51900B65A72 /* Sources */ = {
			isa = PBXSourcesBuildPhase;
			buildActionMask = 2147483647;
			files = (
				600A6EBA205EB41A00F96F7A /* SamplesClient.swift in Sources */,
				60D361E720CDC17C0079C14C /* VoteManager.swift in Sources */,
				6024B74120606C8D0005A984 /* SampleData.swift in Sources */,
				600A6EBC205EBDE000F96F7A /* AudioSampler.swift in Sources */,
				60D361E520CBA7410079C14C /* SwipeActionViewController.swift in Sources */,
				6097122820F65883006E68DF /* HomeViewController.swift in Sources */,
				601E0C1420FF81A200AD535E /* BoolExtension.swift in Sources */,
				60D361E320CB40380079C14C /* EncodableExtension.swift in Sources */,
				600A6EBE205EBEC500F96F7A /* AudioMatcher.swift in Sources */,
				60D361E120CB31470079C14C /* PollClient.swift in Sources */,
				600A6EB8205EB2B500F96F7A /* Notify.swift in Sources */,
				6052363E201FE51900B65A72 /* AppDelegate.swift in Sources */,
				60523640201FE51900B65A72 /* MainViewController.swift in Sources */,
				603D9EE1206170130014824E /* SampleDetailsViewController.swift in Sources */,
				60D361E920D164540079C14C /* SwipeCardActionViewController.swift in Sources */,
			);
			runOnlyForDeploymentPostprocessing = 0;
		};
		6052364C201FE51900B65A72 /* Sources */ = {
			isa = PBXSourcesBuildPhase;
			buildActionMask = 2147483647;
			files = (
				60523655201FE51900B65A72 /* AudioTriggerPOCTests.swift in Sources */,
			);
			runOnlyForDeploymentPostprocessing = 0;
		};
/* End PBXSourcesBuildPhase section */

/* Begin PBXTargetDependency section */
		60523652201FE51900B65A72 /* PBXTargetDependency */ = {
			isa = PBXTargetDependency;
			target = 60523639201FE51900B65A72 /* AudioTriggerPOC */;
			targetProxy = 60523651201FE51900B65A72 /* PBXContainerItemProxy */;
		};
/* End PBXTargetDependency section */

/* Begin PBXVariantGroup section */
		60523643201FE51900B65A72 /* Main.storyboard */ = {
			isa = PBXVariantGroup;
			children = (
				60523644201FE51900B65A72 /* Base */,
			);
			name = Main.storyboard;
			sourceTree = "<group>";
		};
		60523648201FE51900B65A72 /* LaunchScreen.storyboard */ = {
			isa = PBXVariantGroup;
			children = (
				60523649201FE51900B65A72 /* Base */,
			);
			name = LaunchScreen.storyboard;
			sourceTree = "<group>";
		};
/* End PBXVariantGroup section */

/* Begin XCBuildConfiguration section */
		60523657201FE51900B65A72 /* Debug */ = {
			isa = XCBuildConfiguration;
			buildSettings = {
				ALWAYS_SEARCH_USER_PATHS = NO;
				CLANG_ANALYZER_NONNULL = YES;
				CLANG_ANALYZER_NUMBER_OBJECT_CONVERSION = YES_AGGRESSIVE;
				CLANG_CXX_LANGUAGE_STANDARD = "gnu++14";
				CLANG_CXX_LIBRARY = "libc++";
				CLANG_ENABLE_MODULES = YES;
				CLANG_ENABLE_OBJC_ARC = YES;
				CLANG_WARN_BLOCK_CAPTURE_AUTORELEASING = YES;
				CLANG_WARN_BOOL_CONVERSION = YES;
				CLANG_WARN_COMMA = YES;
				CLANG_WARN_CONSTANT_CONVERSION = YES;
				CLANG_WARN_DIRECT_OBJC_ISA_USAGE = YES_ERROR;
				CLANG_WARN_DOCUMENTATION_COMMENTS = YES;
				CLANG_WARN_EMPTY_BODY = YES;
				CLANG_WARN_ENUM_CONVERSION = YES;
				CLANG_WARN_INFINITE_RECURSION = YES;
				CLANG_WARN_INT_CONVERSION = YES;
				CLANG_WARN_NON_LITERAL_NULL_CONVERSION = YES;
				CLANG_WARN_OBJC_LITERAL_CONVERSION = YES;
				CLANG_WARN_OBJC_ROOT_CLASS = YES_ERROR;
				CLANG_WARN_RANGE_LOOP_ANALYSIS = YES;
				CLANG_WARN_STRICT_PROTOTYPES = YES;
				CLANG_WARN_SUSPICIOUS_MOVE = YES;
				CLANG_WARN_UNGUARDED_AVAILABILITY = YES_AGGRESSIVE;
				CLANG_WARN_UNREACHABLE_CODE = YES;
				CLANG_WARN__DUPLICATE_METHOD_MATCH = YES;
				CODE_SIGN_IDENTITY = "iPhone Developer";
				COPY_PHASE_STRIP = NO;
				DEBUG_INFORMATION_FORMAT = dwarf;
				ENABLE_BITCODE = NO;
				ENABLE_STRICT_OBJC_MSGSEND = YES;
				ENABLE_TESTABILITY = YES;
				GCC_C_LANGUAGE_STANDARD = gnu11;
				GCC_DYNAMIC_NO_PIC = NO;
				GCC_NO_COMMON_BLOCKS = YES;
				GCC_OPTIMIZATION_LEVEL = 0;
				GCC_PREPROCESSOR_DEFINITIONS = (
					"DEBUG=1",
					"$(inherited)",
				);
				GCC_WARN_64_TO_32_BIT_CONVERSION = YES;
				GCC_WARN_ABOUT_RETURN_TYPE = YES_ERROR;
				GCC_WARN_UNDECLARED_SELECTOR = YES;
				GCC_WARN_UNINITIALIZED_AUTOS = YES_AGGRESSIVE;
				GCC_WARN_UNUSED_FUNCTION = YES;
				GCC_WARN_UNUSED_VARIABLE = YES;
				IPHONEOS_DEPLOYMENT_TARGET = 10.0;
				MTL_ENABLE_DEBUG_INFO = YES;
				ONLY_ACTIVE_ARCH = YES;
				SDKROOT = iphoneos;
				SWIFT_ACTIVE_COMPILATION_CONDITIONS = DEBUG;
				SWIFT_OPTIMIZATION_LEVEL = "-Onone";
			};
			name = Debug;
		};
		60523658201FE51900B65A72 /* Release */ = {
			isa = XCBuildConfiguration;
			buildSettings = {
				ALWAYS_SEARCH_USER_PATHS = NO;
				CLANG_ANALYZER_NONNULL = YES;
				CLANG_ANALYZER_NUMBER_OBJECT_CONVERSION = YES_AGGRESSIVE;
				CLANG_CXX_LANGUAGE_STANDARD = "gnu++14";
				CLANG_CXX_LIBRARY = "libc++";
				CLANG_ENABLE_MODULES = YES;
				CLANG_ENABLE_OBJC_ARC = YES;
				CLANG_WARN_BLOCK_CAPTURE_AUTORELEASING = YES;
				CLANG_WARN_BOOL_CONVERSION = YES;
				CLANG_WARN_COMMA = YES;
				CLANG_WARN_CONSTANT_CONVERSION = YES;
				CLANG_WARN_DIRECT_OBJC_ISA_USAGE = YES_ERROR;
				CLANG_WARN_DOCUMENTATION_COMMENTS = YES;
				CLANG_WARN_EMPTY_BODY = YES;
				CLANG_WARN_ENUM_CONVERSION = YES;
				CLANG_WARN_INFINITE_RECURSION = YES;
				CLANG_WARN_INT_CONVERSION = YES;
				CLANG_WARN_NON_LITERAL_NULL_CONVERSION = YES;
				CLANG_WARN_OBJC_LITERAL_CONVERSION = YES;
				CLANG_WARN_OBJC_ROOT_CLASS = YES_ERROR;
				CLANG_WARN_RANGE_LOOP_ANALYSIS = YES;
				CLANG_WARN_STRICT_PROTOTYPES = YES;
				CLANG_WARN_SUSPICIOUS_MOVE = YES;
				CLANG_WARN_UNGUARDED_AVAILABILITY = YES_AGGRESSIVE;
				CLANG_WARN_UNREACHABLE_CODE = YES;
				CLANG_WARN__DUPLICATE_METHOD_MATCH = YES;
				CODE_SIGN_IDENTITY = "iPhone Developer";
				COPY_PHASE_STRIP = NO;
				DEBUG_INFORMATION_FORMAT = "dwarf-with-dsym";
				ENABLE_BITCODE = NO;
				ENABLE_NS_ASSERTIONS = NO;
				ENABLE_STRICT_OBJC_MSGSEND = YES;
				GCC_C_LANGUAGE_STANDARD = gnu11;
				GCC_NO_COMMON_BLOCKS = YES;
				GCC_WARN_64_TO_32_BIT_CONVERSION = YES;
				GCC_WARN_ABOUT_RETURN_TYPE = YES_ERROR;
				GCC_WARN_UNDECLARED_SELECTOR = YES;
				GCC_WARN_UNINITIALIZED_AUTOS = YES_AGGRESSIVE;
				GCC_WARN_UNUSED_FUNCTION = YES;
				GCC_WARN_UNUSED_VARIABLE = YES;
				IPHONEOS_DEPLOYMENT_TARGET = 10.0;
				MTL_ENABLE_DEBUG_INFO = NO;
				SDKROOT = iphoneos;
				SWIFT_OPTIMIZATION_LEVEL = "-Owholemodule";
				VALIDATE_PRODUCT = YES;
			};
			name = Release;
		};
		6052365A201FE51900B65A72 /* Debug */ = {
			isa = XCBuildConfiguration;
			baseConfigurationReference = BBCE85622A4AC53FBFA986B1 /* Pods-AudioTriggerPOC.debug.xcconfig */;
			buildSettings = {
				ASSETCATALOG_COMPILER_APPICON_NAME = AppIcon;
				CLANG_ENABLE_MODULES = YES;
				CODE_SIGN_STYLE = Automatic;
				DEVELOPMENT_TEAM = J4H5ML29CZ;
				FRAMEWORK_SEARCH_PATHS = (
					"$(inherited)",
					"$(PROJECT_DIR)/SDK",
				);
				INFOPLIST_FILE = AudioTriggerPOC/Info.plist;
				IPHONEOS_DEPLOYMENT_TARGET = 10.0;
				LD_RUNPATH_SEARCH_PATHS = "$(inherited) @executable_path/Frameworks";
				PRODUCT_BUNDLE_IDENTIFIER = com.demo.AudioTriggerPOC;
				PRODUCT_NAME = "$(TARGET_NAME)";
				SWIFT_OBJC_BRIDGING_HEADER = "AudioTriggerPOC/AudioTriggerPOC-Bridging-Header.h";
				SWIFT_OPTIMIZATION_LEVEL = "-Onone";
				SWIFT_VERSION = 4.0;
				TARGETED_DEVICE_FAMILY = 1;
			};
			name = Debug;
		};
		6052365B201FE51900B65A72 /* Release */ = {
			isa = XCBuildConfiguration;
			baseConfigurationReference = BDE2CA3B2B257A37E40EE614 /* Pods-AudioTriggerPOC.release.xcconfig */;
			buildSettings = {
				ASSETCATALOG_COMPILER_APPICON_NAME = AppIcon;
				CLANG_ENABLE_MODULES = YES;
				CODE_SIGN_STYLE = Automatic;
				DEVELOPMENT_TEAM = J4H5ML29CZ;
				FRAMEWORK_SEARCH_PATHS = (
					"$(inherited)",
					"$(PROJECT_DIR)/SDK",
				);
				INFOPLIST_FILE = AudioTriggerPOC/Info.plist;
				IPHONEOS_DEPLOYMENT_TARGET = 10.0;
				LD_RUNPATH_SEARCH_PATHS = "$(inherited) @executable_path/Frameworks";
				PRODUCT_BUNDLE_IDENTIFIER = com.demo.AudioTriggerPOC;
				PRODUCT_NAME = "$(TARGET_NAME)";
				SWIFT_OBJC_BRIDGING_HEADER = "AudioTriggerPOC/AudioTriggerPOC-Bridging-Header.h";
				SWIFT_VERSION = 4.0;
				TARGETED_DEVICE_FAMILY = 1;
			};
			name = Release;
		};
		6052365D201FE51900B65A72 /* Debug */ = {
			isa = XCBuildConfiguration;
			buildSettings = {
				ALWAYS_EMBED_SWIFT_STANDARD_LIBRARIES = YES;
				BUNDLE_LOADER = "$(TEST_HOST)";
				CODE_SIGN_STYLE = Automatic;
				DEVELOPMENT_TEAM = B74A3WDYVP;
				INFOPLIST_FILE = AudioTriggerPOCTests/Info.plist;
				LD_RUNPATH_SEARCH_PATHS = "$(inherited) @executable_path/Frameworks @loader_path/Frameworks";
				PRODUCT_BUNDLE_IDENTIFIER = com.demo.AudioTriggerPOCTests;
				PRODUCT_NAME = "$(TARGET_NAME)";
				SWIFT_VERSION = 4.0;
				TARGETED_DEVICE_FAMILY = "1,2";
				TEST_HOST = "$(BUILT_PRODUCTS_DIR)/AudioTriggerPOC.app/AudioTriggerPOC";
			};
			name = Debug;
		};
		6052365E201FE51900B65A72 /* Release */ = {
			isa = XCBuildConfiguration;
			buildSettings = {
				ALWAYS_EMBED_SWIFT_STANDARD_LIBRARIES = YES;
				BUNDLE_LOADER = "$(TEST_HOST)";
				CODE_SIGN_STYLE = Automatic;
				DEVELOPMENT_TEAM = B74A3WDYVP;
				INFOPLIST_FILE = AudioTriggerPOCTests/Info.plist;
				LD_RUNPATH_SEARCH_PATHS = "$(inherited) @executable_path/Frameworks @loader_path/Frameworks";
				PRODUCT_BUNDLE_IDENTIFIER = com.demo.AudioTriggerPOCTests;
				PRODUCT_NAME = "$(TARGET_NAME)";
				SWIFT_VERSION = 4.0;
				TARGETED_DEVICE_FAMILY = "1,2";
				TEST_HOST = "$(BUILT_PRODUCTS_DIR)/AudioTriggerPOC.app/AudioTriggerPOC";
			};
			name = Release;
		};
/* End XCBuildConfiguration section */

/* Begin XCConfigurationList section */
		60523635201FE51800B65A72 /* Build configuration list for PBXProject "AudioTriggerPOC" */ = {
			isa = XCConfigurationList;
			buildConfigurations = (
				60523657201FE51900B65A72 /* Debug */,
				60523658201FE51900B65A72 /* Release */,
			);
			defaultConfigurationIsVisible = 0;
			defaultConfigurationName = Release;
		};
		60523659201FE51900B65A72 /* Build configuration list for PBXNativeTarget "AudioTriggerPOC" */ = {
			isa = XCConfigurationList;
			buildConfigurations = (
				6052365A201FE51900B65A72 /* Debug */,
				6052365B201FE51900B65A72 /* Release */,
			);
			defaultConfigurationIsVisible = 0;
			defaultConfigurationName = Release;
		};
		6052365C201FE51900B65A72 /* Build configuration list for PBXNativeTarget "AudioTriggerPOCTests" */ = {
			isa = XCConfigurationList;
			buildConfigurations = (
				6052365D201FE51900B65A72 /* Debug */,
				6052365E201FE51900B65A72 /* Release */,
			);
			defaultConfigurationIsVisible = 0;
			defaultConfigurationName = Release;
		};
/* End XCConfigurationList section */
	};
	rootObject = 60523632201FE51800B65A72 /* Project object */;
}
